// !$*UTF8*$!
{
	archiveVersion = 1;
	classes = {
	};
	objectVersion = 46;
	objects = {

/* Begin PBXBuildFile section */
		88FAEDD622EAC24800796DC6 /* Contents.plist in Resources */ = {isa = PBXBuildFile; fileRef = 88FAEDD522EAC24800796DC6 /* Contents.plist */; };
		88FAEDD722EAC24800796DC6 /* Contents.plist in Resources */ = {isa = PBXBuildFile; fileRef = 88FAEDD522EAC24800796DC6 /* Contents.plist */; };
		C10B289B2D7B2A9A009FA84A /* TrackSelectViewController.swift in Sources */ = {isa = PBXBuildFile; fileRef = C10B289A2D7B2A9A009FA84A /* TrackSelectViewController.swift */; };
		C156B3531E7F72CE00344598 /* AppDelegate.swift in Sources */ = {isa = PBXBuildFile; fileRef = C156B3521E7F72CE00344598 /* AppDelegate.swift */; };
		C156B3581E7F72CE00344598 /* Main.storyboard in Resources */ = {isa = PBXBuildFile; fileRef = C156B3561E7F72CE00344598 /* Main.storyboard */; };
		C156B35A1E7F72CE00344598 /* Assets.xcassets in Resources */ = {isa = PBXBuildFile; fileRef = C156B3591E7F72CE00344598 /* Assets.xcassets */; };
		C156B4111E7F81F800344598 /* BasicTableViewCell.swift in Sources */ = {isa = PBXBuildFile; fileRef = C15E15D01E3582EB00A84BB9 /* BasicTableViewCell.swift */; };
		C156B4121E7F81F800344598 /* BasicTableViewController.swift in Sources */ = {isa = PBXBuildFile; fileRef = C15E15C91E32009F00A84BB9 /* BasicTableViewController.swift */; };
		C156B4131E7F81FA00344598 /* Recharbility.swift in Sources */ = {isa = PBXBuildFile; fileRef = C16A098E1E640957001DBA86 /* Recharbility.swift */; };
		C156B4141E7F81FD00344598 /* FPSListManager.swift in Sources */ = {isa = PBXBuildFile; fileRef = C15E15DB1E359ECC00A84BB9 /* FPSListManager.swift */; };
		C156B4151E7F81FE00344598 /* FPSPlaybackManager.swift in Sources */ = {isa = PBXBuildFile; fileRef = C161E1BC1E4C38D60020086C /* FPSPlaybackManager.swift */; };
		C156B4161E7F820000344598 /* SDKManager.swift in Sources */ = {isa = PBXBuildFile; fileRef = C16A098D1E640957001DBA86 /* SDKManager.swift */; };
		C156B42D1E7FA0FA00344598 /* FPSContent.swift in Sources */ = {isa = PBXBuildFile; fileRef = C15E15D21E35935700A84BB9 /* FPSContent.swift */; };
		C15E15701E30A9AD00A84BB9 /* AppDelegate.swift in Sources */ = {isa = PBXBuildFile; fileRef = C15E156F1E30A9AD00A84BB9 /* AppDelegate.swift */; };
		C15E15751E30A9AD00A84BB9 /* Main.storyboard in Resources */ = {isa = PBXBuildFile; fileRef = C15E15731E30A9AD00A84BB9 /* Main.storyboard */; };
		C15E15771E30A9AD00A84BB9 /* Assets.xcassets in Resources */ = {isa = PBXBuildFile; fileRef = C15E15761E30A9AD00A84BB9 /* Assets.xcassets */; };
		C15E15CA1E32009F00A84BB9 /* BasicTableViewController.swift in Sources */ = {isa = PBXBuildFile; fileRef = C15E15C91E32009F00A84BB9 /* BasicTableViewController.swift */; };
		C15E15D11E3582EB00A84BB9 /* BasicTableViewCell.swift in Sources */ = {isa = PBXBuildFile; fileRef = C15E15D01E3582EB00A84BB9 /* BasicTableViewCell.swift */; };
		C15E15D31E35935700A84BB9 /* FPSContent.swift in Sources */ = {isa = PBXBuildFile; fileRef = C15E15D21E35935700A84BB9 /* FPSContent.swift */; };
		C15E15DC1E359ECC00A84BB9 /* FPSListManager.swift in Sources */ = {isa = PBXBuildFile; fileRef = C15E15DB1E359ECC00A84BB9 /* FPSListManager.swift */; };
		C161E1BD1E4C38D60020086C /* FPSPlaybackManager.swift in Sources */ = {isa = PBXBuildFile; fileRef = C161E1BC1E4C38D60020086C /* FPSPlaybackManager.swift */; };
		C16A098F1E640957001DBA86 /* SDKManager.swift in Sources */ = {isa = PBXBuildFile; fileRef = C16A098D1E640957001DBA86 /* SDKManager.swift */; };
		C16A09911E640957001DBA86 /* Recharbility.swift in Sources */ = {isa = PBXBuildFile; fileRef = C16A098E1E640957001DBA86 /* Recharbility.swift */; };
		C1BD570E1E65655700912599 /* FPSDownloaderDelegate.swift in Sources */ = {isa = PBXBuildFile; fileRef = C1BD570D1E65655700912599 /* FPSDownloaderDelegate.swift */; };
		C1D5E6E820200EB5003F4302 /* FairPlayAdvancedUITests.swift in Sources */ = {isa = PBXBuildFile; fileRef = C1D5E6E720200EB5003F4302 /* FairPlayAdvancedUITests.swift */; };
		C1DFA3E8202454AE00F570F6 /* TestCaseUtils.swift in Sources */ = {isa = PBXBuildFile; fileRef = C1F95FFB1F207F33002FB94C /* TestCaseUtils.swift */; };
		C1F95FFA1F207E73002FB94C /* FairPlayAdvancedTests.swift in Sources */ = {isa = PBXBuildFile; fileRef = C1F95FF81F207E73002FB94C /* FairPlayAdvancedTests.swift */; };
		C1F95FFC1F207F33002FB94C /* TestCaseUtils.swift in Sources */ = {isa = PBXBuildFile; fileRef = C1F95FFB1F207F33002FB94C /* TestCaseUtils.swift */; };
/* End PBXBuildFile section */

/* Begin PBXContainerItemProxy section */
		C15E15811E30A9AD00A84BB9 /* PBXContainerItemProxy */ = {
			isa = PBXContainerItemProxy;
			containerPortal = C15E15641E30A9AD00A84BB9 /* Project object */;
			proxyType = 1;
			remoteGlobalIDString = C15E156B1E30A9AD00A84BB9;
			remoteInfo = PallyConFPSBasic;
		};
		C15E158C1E30A9AD00A84BB9 /* PBXContainerItemProxy */ = {
			isa = PBXContainerItemProxy;
			containerPortal = C15E15641E30A9AD00A84BB9 /* Project object */;
			proxyType = 1;
			remoteGlobalIDString = C15E156B1E30A9AD00A84BB9;
			remoteInfo = PallyConFPSBasic;
		};
/* End PBXContainerItemProxy section */

/* Begin PBXCopyFilesBuildPhase section */
		C135161D2A4A8E72000638DC /* Embed Frameworks */ = {
			isa = PBXCopyFilesBuildPhase;
			buildActionMask = 2147483647;
			dstPath = "";
			dstSubfolderSpec = 10;
			files = (
			);
			name = "Embed Frameworks";
			runOnlyForDeploymentPostprocessing = 0;
		};
		C14F6CEA2C2BEDCA00AFD0BA /* Embed Frameworks */ = {
			isa = PBXCopyFilesBuildPhase;
			buildActionMask = 2147483647;
			dstPath = "";
			dstSubfolderSpec = 10;
			files = (
			);
			name = "Embed Frameworks";
			runOnlyForDeploymentPostprocessing = 0;
		};
/* End PBXCopyFilesBuildPhase section */

/* Begin PBXFileReference section */
		88316F7A22115363000DBF10 /* README.md */ = {isa = PBXFileReference; lastKnownFileType = net.daringfireball.markdown; path = README.md; sourceTree = "<group>"; };
		88FAEDD522EAC24800796DC6 /* Contents.plist */ = {isa = PBXFileReference; lastKnownFileType = text.plist.xml; path = Contents.plist; sourceTree = "<group>"; };
		C10B289A2D7B2A9A009FA84A /* TrackSelectViewController.swift */ = {isa = PBXFileReference; lastKnownFileType = sourcecode.swift; path = TrackSelectViewController.swift; sourceTree = "<group>"; };
		C1305D16283CD162007D328B /* AVFoundation.framework */ = {isa = PBXFileReference; lastKnownFileType = wrapper.framework; name = AVFoundation.framework; path = System/Library/Frameworks/AVFoundation.framework; sourceTree = SDKROOT; };
		C156B3501E7F72CE00344598 /* FairPlayAdvancedTV.app */ = {isa = PBXFileReference; explicitFileType = wrapper.application; includeInIndex = 0; path = FairPlayAdvancedTV.app; sourceTree = BUILT_PRODUCTS_DIR; };
		C156B3521E7F72CE00344598 /* AppDelegate.swift */ = {isa = PBXFileReference; lastKnownFileType = sourcecode.swift; path = AppDelegate.swift; sourceTree = "<group>"; };
		C156B3571E7F72CE00344598 /* Base */ = {isa = PBXFileReference; lastKnownFileType = file.storyboard; name = Base; path = Base.lproj/Main.storyboard; sourceTree = "<group>"; };
		C156B3591E7F72CE00344598 /* Assets.xcassets */ = {isa = PBXFileReference; lastKnownFileType = folder.assetcatalog; path = Assets.xcassets; sourceTree = "<group>"; };
		C156B35B1E7F72CE00344598 /* Info.plist */ = {isa = PBXFileReference; lastKnownFileType = text.plist.xml; path = Info.plist; sourceTree = "<group>"; };
		C15E156C1E30A9AD00A84BB9 /* PallyConFPS.app */ = {isa = PBXFileReference; explicitFileType = wrapper.application; includeInIndex = 0; name = PallyConFPS.app; path = "/Users/yhpark/work/pallycon/_github/fps/pallycon-fps-ios-sdk/sample/Advanced/build/Debug-iphoneos/PallyConFPS.app"; sourceTree = "<absolute>"; };
		C15E156F1E30A9AD00A84BB9 /* AppDelegate.swift */ = {isa = PBXFileReference; lastKnownFileType = sourcecode.swift; path = AppDelegate.swift; sourceTree = "<group>"; };
		C15E15741E30A9AD00A84BB9 /* Base */ = {isa = PBXFileReference; lastKnownFileType = file.storyboard; name = Base; path = Base.lproj/Main.storyboard; sourceTree = "<group>"; };
		C15E15761E30A9AD00A84BB9 /* Assets.xcassets */ = {isa = PBXFileReference; lastKnownFileType = folder.assetcatalog; path = Assets.xcassets; sourceTree = "<group>"; };
		C15E157B1E30A9AD00A84BB9 /* Info.plist */ = {isa = PBXFileReference; lastKnownFileType = text.plist.xml; path = Info.plist; sourceTree = "<group>"; };
		C15E15801E30A9AD00A84BB9 /* FairPlayAdvancedTests.xctest */ = {isa = PBXFileReference; explicitFileType = wrapper.cfbundle; includeInIndex = 0; name = FairPlayAdvancedTests.xctest; path = "/Users/yhpark/work/pallycon/_github/fps/pallycon-fps-ios-sdk/sample/Advanced/build/Debug-iphoneos/PallyConFPS.app/PlugIns/FairPlayAdvancedTests.xctest"; sourceTree = "<absolute>"; };
		C15E158B1E30A9AD00A84BB9 /* FairPlayAdvancedUITests.xctest */ = {isa = PBXFileReference; explicitFileType = wrapper.cfbundle; includeInIndex = 0; path = FairPlayAdvancedUITests.xctest; sourceTree = BUILT_PRODUCTS_DIR; };
		C15E15C91E32009F00A84BB9 /* BasicTableViewController.swift */ = {isa = PBXFileReference; fileEncoding = 4; indentWidth = 5; lastKnownFileType = sourcecode.swift; path = BasicTableViewController.swift; sourceTree = "<group>"; };
		C15E15D01E3582EB00A84BB9 /* BasicTableViewCell.swift */ = {isa = PBXFileReference; fileEncoding = 4; lastKnownFileType = sourcecode.swift; path = BasicTableViewCell.swift; sourceTree = "<group>"; };
		C15E15D21E35935700A84BB9 /* FPSContent.swift */ = {isa = PBXFileReference; fileEncoding = 4; lastKnownFileType = sourcecode.swift; path = FPSContent.swift; sourceTree = "<group>"; };
		C15E15DB1E359ECC00A84BB9 /* FPSListManager.swift */ = {isa = PBXFileReference; fileEncoding = 4; lastKnownFileType = sourcecode.swift; path = FPSListManager.swift; sourceTree = "<group>"; };
		C161E1BC1E4C38D60020086C /* FPSPlaybackManager.swift */ = {isa = PBXFileReference; fileEncoding = 4; lastKnownFileType = sourcecode.swift; path = FPSPlaybackManager.swift; sourceTree = "<group>"; };
		C16A098D1E640957001DBA86 /* SDKManager.swift */ = {isa = PBXFileReference; fileEncoding = 4; indentWidth = 5; lastKnownFileType = sourcecode.swift; path = SDKManager.swift; sourceTree = "<group>"; };
		C16A098E1E640957001DBA86 /* Recharbility.swift */ = {isa = PBXFileReference; fileEncoding = 4; lastKnownFileType = sourcecode.swift; path = Recharbility.swift; sourceTree = "<group>"; };
		C1BD570D1E65655700912599 /* FPSDownloaderDelegate.swift */ = {isa = PBXFileReference; fileEncoding = 4; lastKnownFileType = sourcecode.swift; path = FPSDownloaderDelegate.swift; sourceTree = "<group>"; };
		C1D5E6E720200EB5003F4302 /* FairPlayAdvancedUITests.swift */ = {isa = PBXFileReference; lastKnownFileType = sourcecode.swift; path = FairPlayAdvancedUITests.swift; sourceTree = "<group>"; };
		C1F95FF61F207E73002FB94C /* Info.plist */ = {isa = PBXFileReference; fileEncoding = 4; lastKnownFileType = text.plist.xml; path = Info.plist; sourceTree = "<group>"; };
		C1F95FF71F207E73002FB94C /* FairPlayAdvancedTests-Bridging-Header.h */ = {isa = PBXFileReference; fileEncoding = 4; lastKnownFileType = sourcecode.c.h; path = "FairPlayAdvancedTests-Bridging-Header.h"; sourceTree = "<group>"; };
		C1F95FF81F207E73002FB94C /* FairPlayAdvancedTests.swift */ = {isa = PBXFileReference; fileEncoding = 4; lastKnownFileType = sourcecode.swift; path = FairPlayAdvancedTests.swift; sourceTree = "<group>"; };
		C1F95FFB1F207F33002FB94C /* TestCaseUtils.swift */ = {isa = PBXFileReference; fileEncoding = 4; lastKnownFileType = sourcecode.swift; path = TestCaseUtils.swift; sourceTree = "<group>"; };
/* End PBXFileReference section */

/* Begin PBXFrameworksBuildPhase section */
		C156B34D1E7F72CE00344598 /* Frameworks */ = {
			isa = PBXFrameworksBuildPhase;
			buildActionMask = 2147483647;
			files = (
			);
			runOnlyForDeploymentPostprocessing = 0;
		};
		C15E15691E30A9AD00A84BB9 /* Frameworks */ = {
			isa = PBXFrameworksBuildPhase;
			buildActionMask = 2147483647;
			files = (
			);
			runOnlyForDeploymentPostprocessing = 0;
		};
		C15E157D1E30A9AD00A84BB9 /* Frameworks */ = {
			isa = PBXFrameworksBuildPhase;
			buildActionMask = 2147483647;
			files = (
			);
			runOnlyForDeploymentPostprocessing = 0;
		};
		C15E15881E30A9AD00A84BB9 /* Frameworks */ = {
			isa = PBXFrameworksBuildPhase;
			buildActionMask = 2147483647;
			files = (
			);
			runOnlyForDeploymentPostprocessing = 0;
		};
/* End PBXFrameworksBuildPhase section */

/* Begin PBXGroup section */
		60C7D44DEF3EE7CCCB33E662 /* Frameworks */ = {
			isa = PBXGroup;
			children = (
				C1305D16283CD162007D328B /* AVFoundation.framework */,
			);
			name = Frameworks;
			sourceTree = "<group>";
		};
		AF695F83ABDE9B6D61B0146A /* Pods */ = {
			isa = PBXGroup;
			children = (
			);
			path = Pods;
			sourceTree = "<group>";
		};
		C156B3511E7F72CE00344598 /* FairPlayAdvancedTV */ = {
			isa = PBXGroup;
			children = (
				C156B3521E7F72CE00344598 /* AppDelegate.swift */,
				C156B3561E7F72CE00344598 /* Main.storyboard */,
				C156B3591E7F72CE00344598 /* Assets.xcassets */,
				C156B35B1E7F72CE00344598 /* Info.plist */,
			);
			path = FairPlayAdvancedTV;
			sourceTree = "<group>";
		};
		C15E15631E30A9AD00A84BB9 = {
			isa = PBXGroup;
			children = (
				88316F7A22115363000DBF10 /* README.md */,
				C15E156E1E30A9AD00A84BB9 /* FairPlayAdvanced */,
				C156B3511E7F72CE00344598 /* FairPlayAdvancedTV */,
				C15E15C41E32008700A84BB9 /* Shared */,
				C1F95FF51F207E73002FB94C /* FairPlayAdvancedTests */,
				C15E156D1E30A9AD00A84BB9 /* Products */,
				60C7D44DEF3EE7CCCB33E662 /* Frameworks */,
				AF695F83ABDE9B6D61B0146A /* Pods */,
			);
			sourceTree = "<group>";
		};
		C15E156D1E30A9AD00A84BB9 /* Products */ = {
			isa = PBXGroup;
			children = (
				C15E158B1E30A9AD00A84BB9 /* FairPlayAdvancedUITests.xctest */,
				C156B3501E7F72CE00344598 /* FairPlayAdvancedTV.app */,
			);
			name = Products;
			sourceTree = "<group>";
		};
		C15E156E1E30A9AD00A84BB9 /* FairPlayAdvanced */ = {
			isa = PBXGroup;
			children = (
				C1BD570C1E65655700912599 /* Manager */,
				C15E156F1E30A9AD00A84BB9 /* AppDelegate.swift */,
				C15E15731E30A9AD00A84BB9 /* Main.storyboard */,
				C15E15761E30A9AD00A84BB9 /* Assets.xcassets */,
				C15E157B1E30A9AD00A84BB9 /* Info.plist */,
			);
			path = FairPlayAdvanced;
			sourceTree = "<group>";
		};
		C15E15C41E32008700A84BB9 /* Shared */ = {
			isa = PBXGroup;
			children = (
				C15E15C51E32008700A84BB9 /* Managers */,
				C15E15C61E32008700A84BB9 /* Model */,
				C15E15C81E32008700A84BB9 /* Views */,
				C15E15C71E32008700A84BB9 /* Resources */,
			);
			path = Shared;
			sourceTree = "<group>";
		};
		C15E15C51E32008700A84BB9 /* Managers */ = {
			isa = PBXGroup;
			children = (
				C15E15DB1E359ECC00A84BB9 /* FPSListManager.swift */,
				C161E1BC1E4C38D60020086C /* FPSPlaybackManager.swift */,
				C16A098D1E640957001DBA86 /* SDKManager.swift */,
				C16A098E1E640957001DBA86 /* Recharbility.swift */,
			);
			path = Managers;
			sourceTree = "<group>";
		};
		C15E15C61E32008700A84BB9 /* Model */ = {
			isa = PBXGroup;
			children = (
				C15E15D21E35935700A84BB9 /* FPSContent.swift */,
			);
			path = Model;
			sourceTree = "<group>";
		};
		C15E15C71E32008700A84BB9 /* Resources */ = {
			isa = PBXGroup;
			children = (
				88FAEDD522EAC24800796DC6 /* Contents.plist */,
			);
			path = Resources;
			sourceTree = "<group>";
		};
		C15E15C81E32008700A84BB9 /* Views */ = {
			isa = PBXGroup;
			children = (
				C15E15D01E3582EB00A84BB9 /* BasicTableViewCell.swift */,
				C15E15C91E32009F00A84BB9 /* BasicTableViewController.swift */,
				C10B289A2D7B2A9A009FA84A /* TrackSelectViewController.swift */,
			);
			path = Views;
			sourceTree = "<group>";
		};
		C1BD570C1E65655700912599 /* Manager */ = {
			isa = PBXGroup;
			children = (
				C1BD570D1E65655700912599 /* FPSDownloaderDelegate.swift */,
			);
			path = Manager;
			sourceTree = "<group>";
		};
		C1F95FF51F207E73002FB94C /* FairPlayAdvancedTests */ = {
			isa = PBXGroup;
			children = (
				C1F95FF61F207E73002FB94C /* Info.plist */,
				C1F95FF71F207E73002FB94C /* FairPlayAdvancedTests-Bridging-Header.h */,
				C1F95FF81F207E73002FB94C /* FairPlayAdvancedTests.swift */,
				C1F95FFB1F207F33002FB94C /* TestCaseUtils.swift */,
				C1D5E6E720200EB5003F4302 /* FairPlayAdvancedUITests.swift */,
			);
			path = FairPlayAdvancedTests;
			sourceTree = "<group>";
		};
/* End PBXGroup section */

/* Begin PBXNativeTarget section */
		C156B34F1E7F72CE00344598 /* FairPlayAdvancedTV */ = {
			isa = PBXNativeTarget;
			buildConfigurationList = C156B3721E7F72CF00344598 /* Build configuration list for PBXNativeTarget "FairPlayAdvancedTV" */;
			buildPhases = (
				C156B34C1E7F72CE00344598 /* Sources */,
				C156B34D1E7F72CE00344598 /* Frameworks */,
				C156B34E1E7F72CE00344598 /* Resources */,
				C135161D2A4A8E72000638DC /* Embed Frameworks */,
			);
			buildRules = (
			);
			dependencies = (
			);
			name = FairPlayAdvancedTV;
			productName = PallyConFPSBasicTV;
			productReference = C156B3501E7F72CE00344598 /* FairPlayAdvancedTV.app */;
			productType = "com.apple.product-type.application";
		};
		C15E156B1E30A9AD00A84BB9 /* FairPlayAdvanced */ = {
			isa = PBXNativeTarget;
			buildConfigurationList = C15E15941E30A9AD00A84BB9 /* Build configuration list for PBXNativeTarget "FairPlayAdvanced" */;
			buildPhases = (
				C15E15681E30A9AD00A84BB9 /* Sources */,
				C15E15691E30A9AD00A84BB9 /* Frameworks */,
				C15E156A1E30A9AD00A84BB9 /* Resources */,
				C14F6CEA2C2BEDCA00AFD0BA /* Embed Frameworks */,
			);
			buildRules = (
			);
			dependencies = (
			);
			name = FairPlayAdvanced;
			productName = PallyConFPSBasic;
			productReference = C15E156C1E30A9AD00A84BB9 /* PallyConFPS.app */;
			productType = "com.apple.product-type.application";
		};
		C15E157F1E30A9AD00A84BB9 /* FairPlayAdvancedTests */ = {
			isa = PBXNativeTarget;
			buildConfigurationList = C15E15971E30A9AD00A84BB9 /* Build configuration list for PBXNativeTarget "FairPlayAdvancedTests" */;
			buildPhases = (
				C15E157C1E30A9AD00A84BB9 /* Sources */,
				C15E157D1E30A9AD00A84BB9 /* Frameworks */,
				C15E157E1E30A9AD00A84BB9 /* Resources */,
			);
			buildRules = (
			);
			dependencies = (
				C15E15821E30A9AD00A84BB9 /* PBXTargetDependency */,
			);
			name = FairPlayAdvancedTests;
			productName = PallyConFPSBasicTests;
			productReference = C15E15801E30A9AD00A84BB9 /* FairPlayAdvancedTests.xctest */;
			productType = "com.apple.product-type.bundle.unit-test";
		};
		C15E158A1E30A9AD00A84BB9 /* FairPlayAdvancedUITests */ = {
			isa = PBXNativeTarget;
			buildConfigurationList = C15E159A1E30A9AD00A84BB9 /* Build configuration list for PBXNativeTarget "FairPlayAdvancedUITests" */;
			buildPhases = (
				C15E15871E30A9AD00A84BB9 /* Sources */,
				C15E15881E30A9AD00A84BB9 /* Frameworks */,
				C15E15891E30A9AD00A84BB9 /* Resources */,
			);
			buildRules = (
			);
			dependencies = (
				C15E158D1E30A9AD00A84BB9 /* PBXTargetDependency */,
			);
			name = FairPlayAdvancedUITests;
			productName = PallyConFPSBasicUITests;
			productReference = C15E158B1E30A9AD00A84BB9 /* FairPlayAdvancedUITests.xctest */;
			productType = "com.apple.product-type.bundle.ui-testing";
		};
/* End PBXNativeTarget section */

/* Begin PBXProject section */
		C15E15641E30A9AD00A84BB9 /* Project object */ = {
			isa = PBXProject;
			attributes = {
				LastSwiftUpdateCheck = 0920;
				LastUpgradeCheck = 1000;
				ORGANIZATIONNAME = PallyCon;
				TargetAttributes = {
					C156B34F1E7F72CE00344598 = {
						CreatedOnToolsVersion = 8.2.1;
						DevelopmentTeam = 22X77ENQ2H;
						ProvisioningStyle = Automatic;
					};
					C15E156B1E30A9AD00A84BB9 = {
						CreatedOnToolsVersion = 8.2.1;
						DevelopmentTeam = 22X77ENQ2H;
						LastSwiftMigration = 0920;
						ProvisioningStyle = Automatic;
						SystemCapabilities = {
							com.apple.BackgroundModes = {
								enabled = 1;
							};
							com.apple.Keychain = {
								enabled = 0;
							};
						};
					};
					C15E157F1E30A9AD00A84BB9 = {
						CreatedOnToolsVersion = 8.2.1;
						LastSwiftMigration = 0920;
						ProvisioningStyle = Automatic;
						TestTargetID = C15E156B1E30A9AD00A84BB9;
					};
					C15E158A1E30A9AD00A84BB9 = {
						CreatedOnToolsVersion = 8.2.1;
						LastSwiftMigration = 0920;
						ProvisioningStyle = Automatic;
						TestTargetID = C15E156B1E30A9AD00A84BB9;
					};
				};
			};
			buildConfigurationList = C15E15671E30A9AD00A84BB9 /* Build configuration list for PBXProject "FairPlayAdvanced" */;
			compatibilityVersion = "Xcode 3.2";
			developmentRegion = English;
			hasScannedForEncodings = 0;
			knownRegions = (
				English,
				en,
				Base,
			);
			mainGroup = C15E15631E30A9AD00A84BB9;
			productRefGroup = C15E156D1E30A9AD00A84BB9 /* Products */;
			projectDirPath = "";
			projectRoot = "";
			targets = (
				C15E156B1E30A9AD00A84BB9 /* FairPlayAdvanced */,
				C156B34F1E7F72CE00344598 /* FairPlayAdvancedTV */,
				C15E157F1E30A9AD00A84BB9 /* FairPlayAdvancedTests */,
				C15E158A1E30A9AD00A84BB9 /* FairPlayAdvancedUITests */,
			);
		};
/* End PBXProject section */

/* Begin PBXResourcesBuildPhase section */
		C156B34E1E7F72CE00344598 /* Resources */ = {
			isa = PBXResourcesBuildPhase;
			buildActionMask = 2147483647;
			files = (
				88FAEDD722EAC24800796DC6 /* Contents.plist in Resources */,
				C156B35A1E7F72CE00344598 /* Assets.xcassets in Resources */,
				C156B3581E7F72CE00344598 /* Main.storyboard in Resources */,
			);
			runOnlyForDeploymentPostprocessing = 0;
		};
		C15E156A1E30A9AD00A84BB9 /* Resources */ = {
			isa = PBXResourcesBuildPhase;
			buildActionMask = 2147483647;
			files = (
				88FAEDD622EAC24800796DC6 /* Contents.plist in Resources */,
				C15E15771E30A9AD00A84BB9 /* Assets.xcassets in Resources */,
				C15E15751E30A9AD00A84BB9 /* Main.storyboard in Resources */,
			);
			runOnlyForDeploymentPostprocessing = 0;
		};
		C15E157E1E30A9AD00A84BB9 /* Resources */ = {
			isa = PBXResourcesBuildPhase;
			buildActionMask = 2147483647;
			files = (
			);
			runOnlyForDeploymentPostprocessing = 0;
		};
		C15E15891E30A9AD00A84BB9 /* Resources */ = {
			isa = PBXResourcesBuildPhase;
			buildActionMask = 2147483647;
			files = (
			);
			runOnlyForDeploymentPostprocessing = 0;
		};
/* End PBXResourcesBuildPhase section */

/* Begin PBXSourcesBuildPhase section */
		C156B34C1E7F72CE00344598 /* Sources */ = {
			isa = PBXSourcesBuildPhase;
			buildActionMask = 2147483647;
			files = (
				C156B3531E7F72CE00344598 /* AppDelegate.swift in Sources */,
				C156B4111E7F81F800344598 /* BasicTableViewCell.swift in Sources */,
				C156B4121E7F81F800344598 /* BasicTableViewController.swift in Sources */,
				C156B42D1E7FA0FA00344598 /* FPSContent.swift in Sources */,
				C156B4141E7F81FD00344598 /* FPSListManager.swift in Sources */,
				C156B4151E7F81FE00344598 /* FPSPlaybackManager.swift in Sources */,
				C156B4161E7F820000344598 /* SDKManager.swift in Sources */,
				C156B4131E7F81FA00344598 /* Recharbility.swift in Sources */,
			);
			runOnlyForDeploymentPostprocessing = 0;
		};
		C15E15681E30A9AD00A84BB9 /* Sources */ = {
			isa = PBXSourcesBuildPhase;
			buildActionMask = 2147483647;
			files = (
				C1BD570E1E65655700912599 /* FPSDownloaderDelegate.swift in Sources */,
				C16A09911E640957001DBA86 /* Recharbility.swift in Sources */,
				C15E15D11E3582EB00A84BB9 /* BasicTableViewCell.swift in Sources */,
				C15E15701E30A9AD00A84BB9 /* AppDelegate.swift in Sources */,
				C15E15DC1E359ECC00A84BB9 /* FPSListManager.swift in Sources */,
				C16A098F1E640957001DBA86 /* SDKManager.swift in Sources */,
				C10B289B2D7B2A9A009FA84A /* TrackSelectViewController.swift in Sources */,
				C15E15CA1E32009F00A84BB9 /* BasicTableViewController.swift in Sources */,
				C161E1BD1E4C38D60020086C /* FPSPlaybackManager.swift in Sources */,
				C15E15D31E35935700A84BB9 /* FPSContent.swift in Sources */,
			);
			runOnlyForDeploymentPostprocessing = 0;
		};
		C15E157C1E30A9AD00A84BB9 /* Sources */ = {
			isa = PBXSourcesBuildPhase;
			buildActionMask = 2147483647;
			files = (
				C1F95FFA1F207E73002FB94C /* FairPlayAdvancedTests.swift in Sources */,
				C1F95FFC1F207F33002FB94C /* TestCaseUtils.swift in Sources */,
			);
			runOnlyForDeploymentPostprocessing = 0;
		};
		C15E15871E30A9AD00A84BB9 /* Sources */ = {
			isa = PBXSourcesBuildPhase;
			buildActionMask = 2147483647;
			files = (
				C1D5E6E820200EB5003F4302 /* FairPlayAdvancedUITests.swift in Sources */,
				C1DFA3E8202454AE00F570F6 /* TestCaseUtils.swift in Sources */,
			);
			runOnlyForDeploymentPostprocessing = 0;
		};
/* End PBXSourcesBuildPhase section */

/* Begin PBXTargetDependency section */
		C15E15821E30A9AD00A84BB9 /* PBXTargetDependency */ = {
			isa = PBXTargetDependency;
			target = C15E156B1E30A9AD00A84BB9 /* FairPlayAdvanced */;
			targetProxy = C15E15811E30A9AD00A84BB9 /* PBXContainerItemProxy */;
		};
		C15E158D1E30A9AD00A84BB9 /* PBXTargetDependency */ = {
			isa = PBXTargetDependency;
			target = C15E156B1E30A9AD00A84BB9 /* FairPlayAdvanced */;
			targetProxy = C15E158C1E30A9AD00A84BB9 /* PBXContainerItemProxy */;
		};
/* End PBXTargetDependency section */

/* Begin PBXVariantGroup section */
		C156B3561E7F72CE00344598 /* Main.storyboard */ = {
			isa = PBXVariantGroup;
			children = (
				C156B3571E7F72CE00344598 /* Base */,
			);
			name = Main.storyboard;
			sourceTree = "<group>";
		};
		C15E15731E30A9AD00A84BB9 /* Main.storyboard */ = {
			isa = PBXVariantGroup;
			children = (
				C15E15741E30A9AD00A84BB9 /* Base */,
			);
			name = Main.storyboard;
			sourceTree = "<group>";
		};
/* End PBXVariantGroup section */

/* Begin XCBuildConfiguration section */
		C156B3731E7F72CF00344598 /* Debug */ = {
			isa = XCBuildConfiguration;
			buildSettings = {
				ASSETCATALOG_COMPILER_APPICON_NAME = "App Icon & Top Shelf Image";
				ASSETCATALOG_COMPILER_LAUNCHIMAGE_NAME = LaunchImage;
				DEVELOPMENT_TEAM = 22X77ENQ2H;
				ENABLE_BITCODE = NO;
				FRAMEWORK_SEARCH_PATHS = "$(inherited)";
				INFOPLIST_FILE = "$(SRCROOT)/PallyConFPSAdvancedTV/Info.plist";
				LD_RUNPATH_SEARCH_PATHS = "$(inherited) @executable_path/Frameworks";
				PRODUCT_BUNDLE_IDENTIFIER = com.doverunner.drm.fps.tvos.sample.advanced;
				PRODUCT_NAME = "$(TARGET_NAME)";
				SDKROOT = appletvos;
				SWIFT_VERSION = 4.2;
				TARGETED_DEVICE_FAMILY = 3;
				TVOS_DEPLOYMENT_TARGET = 10.0;
			};
			name = Debug;
		};
		C156B3741E7F72CF00344598 /* Release */ = {
			isa = XCBuildConfiguration;
			buildSettings = {
				ASSETCATALOG_COMPILER_APPICON_NAME = "App Icon & Top Shelf Image";
				ASSETCATALOG_COMPILER_LAUNCHIMAGE_NAME = LaunchImage;
				DEVELOPMENT_TEAM = 22X77ENQ2H;
				ENABLE_BITCODE = NO;
				FRAMEWORK_SEARCH_PATHS = "$(inherited)";
				INFOPLIST_FILE = "$(SRCROOT)/PallyConFPSAdvancedTV/Info.plist";
				LD_RUNPATH_SEARCH_PATHS = "$(inherited) @executable_path/Frameworks";
				PRODUCT_BUNDLE_IDENTIFIER = com.doverunner.drm.fps.tvos.sample.advanced;
				PRODUCT_NAME = "$(TARGET_NAME)";
				SDKROOT = appletvos;
				SWIFT_VERSION = 4.2;
				TARGETED_DEVICE_FAMILY = 3;
				TVOS_DEPLOYMENT_TARGET = 10.0;
			};
			name = Release;
		};
		C15E15921E30A9AD00A84BB9 /* Debug */ = {
			isa = XCBuildConfiguration;
			buildSettings = {
				ALWAYS_SEARCH_USER_PATHS = NO;
				CLANG_ANALYZER_NONNULL = YES;
				CLANG_CXX_LANGUAGE_STANDARD = "gnu++0x";
				CLANG_CXX_LIBRARY = "libc++";
				CLANG_ENABLE_MODULES = YES;
				CLANG_ENABLE_OBJC_ARC = YES;
				CLANG_WARN_BLOCK_CAPTURE_AUTORELEASING = YES;
				CLANG_WARN_BOOL_CONVERSION = YES;
				CLANG_WARN_COMMA = YES;
				CLANG_WARN_CONSTANT_CONVERSION = YES;
				CLANG_WARN_DEPRECATED_OBJC_IMPLEMENTATIONS = YES;
				CLANG_WARN_DIRECT_OBJC_ISA_USAGE = YES_ERROR;
				CLANG_WARN_DOCUMENTATION_COMMENTS = YES;
				CLANG_WARN_EMPTY_BODY = YES;
				CLANG_WARN_ENUM_CONVERSION = YES;
				CLANG_WARN_INFINITE_RECURSION = YES;
				CLANG_WARN_INT_CONVERSION = YES;
				CLANG_WARN_NON_LITERAL_NULL_CONVERSION = YES;
				CLANG_WARN_OBJC_IMPLICIT_RETAIN_SELF = YES;
				CLANG_WARN_OBJC_LITERAL_CONVERSION = YES;
				CLANG_WARN_OBJC_ROOT_CLASS = YES_ERROR;
				CLANG_WARN_RANGE_LOOP_ANALYSIS = YES;
				CLANG_WARN_STRICT_PROTOTYPES = YES;
				CLANG_WARN_SUSPICIOUS_MOVE = YES;
				CLANG_WARN_UNREACHABLE_CODE = YES;
				CLANG_WARN__DUPLICATE_METHOD_MATCH = YES;
				"CODE_SIGN_IDENTITY[sdk=iphoneos*]" = "iPhone Developer";
				COPY_PHASE_STRIP = NO;
				DEBUG_INFORMATION_FORMAT = dwarf;
				ENABLE_BITCODE = YES;
				ENABLE_STRICT_OBJC_MSGSEND = YES;
				ENABLE_TESTABILITY = YES;
				FRAMEWORK_SEARCH_PATHS = "";
				GCC_C_LANGUAGE_STANDARD = gnu99;
				GCC_DYNAMIC_NO_PIC = NO;
				GCC_NO_COMMON_BLOCKS = YES;
				GCC_OPTIMIZATION_LEVEL = 0;
				GCC_PREPROCESSOR_DEFINITIONS = (
					"DEBUG=1",
					"$(inherited)",
				);
				GCC_WARN_64_TO_32_BIT_CONVERSION = YES;
				GCC_WARN_ABOUT_RETURN_TYPE = YES_ERROR;
				GCC_WARN_UNDECLARED_SELECTOR = YES;
				GCC_WARN_UNINITIALIZED_AUTOS = YES_AGGRESSIVE;
				GCC_WARN_UNUSED_FUNCTION = YES;
				GCC_WARN_UNUSED_VARIABLE = YES;
				IPHONEOS_DEPLOYMENT_TARGET = 10.2;
				MTL_ENABLE_DEBUG_INFO = YES;
				ONLY_ACTIVE_ARCH = YES;
				SDKROOT = iphoneos;
				SWIFT_ACTIVE_COMPILATION_CONDITIONS = DEBUG;
				SWIFT_OPTIMIZATION_LEVEL = "-Onone";
				TARGETED_DEVICE_FAMILY = "1,2";
			};
			name = Debug;
		};
		C15E15931E30A9AD00A84BB9 /* Release */ = {
			isa = XCBuildConfiguration;
			buildSettings = {
				ALWAYS_SEARCH_USER_PATHS = NO;
				CLANG_ANALYZER_NONNULL = YES;
				CLANG_CXX_LANGUAGE_STANDARD = "gnu++0x";
				CLANG_CXX_LIBRARY = "libc++";
				CLANG_ENABLE_MODULES = YES;
				CLANG_ENABLE_OBJC_ARC = YES;
				CLANG_WARN_BLOCK_CAPTURE_AUTORELEASING = YES;
				CLANG_WARN_BOOL_CONVERSION = YES;
				CLANG_WARN_COMMA = YES;
				CLANG_WARN_CONSTANT_CONVERSION = YES;
				CLANG_WARN_DEPRECATED_OBJC_IMPLEMENTATIONS = YES;
				CLANG_WARN_DIRECT_OBJC_ISA_USAGE = YES_ERROR;
				CLANG_WARN_DOCUMENTATION_COMMENTS = YES;
				CLANG_WARN_EMPTY_BODY = YES;
				CLANG_WARN_ENUM_CONVERSION = YES;
				CLANG_WARN_INFINITE_RECURSION = YES;
				CLANG_WARN_INT_CONVERSION = YES;
				CLANG_WARN_NON_LITERAL_NULL_CONVERSION = YES;
				CLANG_WARN_OBJC_IMPLICIT_RETAIN_SELF = YES;
				CLANG_WARN_OBJC_LITERAL_CONVERSION = YES;
				CLANG_WARN_OBJC_ROOT_CLASS = YES_ERROR;
				CLANG_WARN_RANGE_LOOP_ANALYSIS = YES;
				CLANG_WARN_STRICT_PROTOTYPES = YES;
				CLANG_WARN_SUSPICIOUS_MOVE = YES;
				CLANG_WARN_UNREACHABLE_CODE = YES;
				CLANG_WARN__DUPLICATE_METHOD_MATCH = YES;
				"CODE_SIGN_IDENTITY[sdk=iphoneos*]" = "iPhone Developer";
				COPY_PHASE_STRIP = NO;
				DEBUG_INFORMATION_FORMAT = "dwarf-with-dsym";
				ENABLE_BITCODE = YES;
				ENABLE_NS_ASSERTIONS = NO;
				ENABLE_STRICT_OBJC_MSGSEND = YES;
				FRAMEWORK_SEARCH_PATHS = "";
				GCC_C_LANGUAGE_STANDARD = gnu99;
				GCC_NO_COMMON_BLOCKS = YES;
				GCC_WARN_64_TO_32_BIT_CONVERSION = YES;
				GCC_WARN_ABOUT_RETURN_TYPE = YES_ERROR;
				GCC_WARN_UNDECLARED_SELECTOR = YES;
				GCC_WARN_UNINITIALIZED_AUTOS = YES_AGGRESSIVE;
				GCC_WARN_UNUSED_FUNCTION = YES;
				GCC_WARN_UNUSED_VARIABLE = YES;
				IPHONEOS_DEPLOYMENT_TARGET = 10.2;
				MTL_ENABLE_DEBUG_INFO = NO;
				SDKROOT = iphoneos;
				SWIFT_OPTIMIZATION_LEVEL = "-Owholemodule";
				TARGETED_DEVICE_FAMILY = "1,2";
				VALIDATE_PRODUCT = YES;
			};
			name = Release;
		};
		C15E15951E30A9AD00A84BB9 /* Debug */ = {
			isa = XCBuildConfiguration;
			buildSettings = {
				ASSETCATALOG_COMPILER_APPICON_NAME = AppIcon;
				BITCODE_GENERATION_MODE = bitcode;
				CODE_SIGN_IDENTITY = "Apple Development";
				"CODE_SIGN_IDENTITY[sdk=iphoneos*]" = "iPhone Developer";
				CODE_SIGN_STYLE = Automatic;
				DEVELOPMENT_TEAM = 22X77ENQ2H;
				ENABLE_BITCODE = NO;
				FRAMEWORK_SEARCH_PATHS = "$(inherited)";
				HEADER_SEARCH_PATHS = "";
				INFOPLIST_FILE = "$(SRCROOT)/PallyConFPSAdvanced/Info.plist";
				INSTALL_PATH = "$(LOCAL_APPS_DIR)";
				IPHONEOS_DEPLOYMENT_TARGET = 13.5;
				LD_RUNPATH_SEARCH_PATHS = "@executable_path/Frameworks @loader_path/Frameworks $(inherited)";
				PODS_PODFILE_DIR_PATH = "${SRCROOT}/.";
				PODS_ROOT = "${SRCROOT}/Pods";
				PRODUCT_BUNDLE_IDENTIFIER = com.doverunner.drm.fps.ios.sample.advanced;
				PRODUCT_NAME = PallyConFPS;
				PROVISIONING_PROFILE = "";
				PROVISIONING_PROFILE_SPECIFIER = "";
				SWIFT_OBJC_BRIDGING_HEADER = "PallyConFPSAdvancedTests/PallyConFPSAdvancedTests-Bridging-Header.h";
				SWIFT_SWIFT3_OBJC_INFERENCE = Default;
				SWIFT_VERSION = 5.0;
			};
			name = Debug;
		};
		C15E15961E30A9AD00A84BB9 /* Release */ = {
			isa = XCBuildConfiguration;
			buildSettings = {
				ASSETCATALOG_COMPILER_APPICON_NAME = AppIcon;
				BITCODE_GENERATION_MODE = bitcode;
				CODE_SIGN_IDENTITY = "Apple Development";
				"CODE_SIGN_IDENTITY[sdk=iphoneos*]" = "iPhone Distribution";
				CODE_SIGN_STYLE = Automatic;
				DEVELOPMENT_TEAM = 22X77ENQ2H;
				ENABLE_BITCODE = NO;
				FRAMEWORK_SEARCH_PATHS = "$(inherited)";
				HEADER_SEARCH_PATHS = "";
				INFOPLIST_FILE = "$(SRCROOT)/PallyConFPSAdvanced/Info.plist";
				INSTALL_PATH = "$(LOCAL_APPS_DIR)";
				IPHONEOS_DEPLOYMENT_TARGET = 13.5;
				LD_RUNPATH_SEARCH_PATHS = "@executable_path/Frameworks @loader_path/Frameworks $(inherited)";
				ONLY_ACTIVE_ARCH = NO;
				PODS_PODFILE_DIR_PATH = "${SRCROOT}/.";
				PODS_ROOT = "${SRCROOT}/Pods";
				PRODUCT_BUNDLE_IDENTIFIER = com.doverunner.drm.fps.sample.advanced;
				PRODUCT_NAME = PallyConFPS;
				PROVISIONING_PROFILE = "";
				PROVISIONING_PROFILE_SPECIFIER = "";
				SWIFT_OBJC_BRIDGING_HEADER = "PallyConFPSAdvancedTests/PallyConFPSAdvancedTests-Bridging-Header.h";
				SWIFT_SWIFT3_OBJC_INFERENCE = Default;
				SWIFT_VERSION = 5.0;
			};
			name = Release;
		};
		C15E15981E30A9AD00A84BB9 /* Debug */ = {
			isa = XCBuildConfiguration;
			buildSettings = {
				ALWAYS_EMBED_SWIFT_STANDARD_LIBRARIES = YES;
				BUNDLE_LOADER = "$(TEST_HOST)";
				CLANG_ENABLE_MODULES = YES;
				INFOPLIST_FILE = PallyConFPSBasicTests/Info.plist;
				LD_RUNPATH_SEARCH_PATHS = "$(inherited) @executable_path/Frameworks @loader_path/Frameworks";
				PRODUCT_BUNDLE_IDENTIFIER = com.inka.PallyConFPSBasicTests;
				PRODUCT_NAME = "$(TARGET_NAME)";
				SWIFT_OBJC_BRIDGING_HEADER = "PallyConFPSAdvancedTests/PallyConFPSAdvancedTests-Bridging-Header.h";
				SWIFT_OPTIMIZATION_LEVEL = "-Onone";
				SWIFT_SWIFT3_OBJC_INFERENCE = Default;
				SWIFT_VERSION = 4.2;
				TEST_HOST = "$(BUILT_PRODUCTS_DIR)/PallyConFPS.app/PallyConFPS";
			};
			name = Debug;
		};
		C15E15991E30A9AD00A84BB9 /* Release */ = {
			isa = XCBuildConfiguration;
			buildSettings = {
				ALWAYS_EMBED_SWIFT_STANDARD_LIBRARIES = YES;
				BUNDLE_LOADER = "$(TEST_HOST)";
				CLANG_ENABLE_MODULES = YES;
				INFOPLIST_FILE = PallyConFPSBasicTests/Info.plist;
				LD_RUNPATH_SEARCH_PATHS = "$(inherited) @executable_path/Frameworks @loader_path/Frameworks";
				PRODUCT_BUNDLE_IDENTIFIER = com.inka.PallyConFPSBasicTests;
				PRODUCT_NAME = "$(TARGET_NAME)";
				SWIFT_OBJC_BRIDGING_HEADER = "PallyConFPSAdvancedTests/PallyConFPSAdvancedTests-Bridging-Header.h";
				SWIFT_SWIFT3_OBJC_INFERENCE = Default;
				SWIFT_VERSION = 4.2;
				TEST_HOST = "$(BUILT_PRODUCTS_DIR)/PallyConFPS.app/PallyConFPS";
			};
			name = Release;
		};
		C15E159B1E30A9AD00A84BB9 /* Debug */ = {
			isa = XCBuildConfiguration;
			buildSettings = {
				ALWAYS_EMBED_SWIFT_STANDARD_LIBRARIES = YES;
				CLANG_ENABLE_MODULES = YES;
				INFOPLIST_FILE = PallyConFPSBasicTests/Info.plist;
				LD_RUNPATH_SEARCH_PATHS = "$(inherited) @executable_path/Frameworks @loader_path/Frameworks";
				PRODUCT_BUNDLE_IDENTIFIER = com.inka.PallyConFPSBasicUITests;
				PRODUCT_NAME = "$(TARGET_NAME)";
				SWIFT_OBJC_BRIDGING_HEADER = "PallyConFPSAdvancedTests/PallyConFPSAdvancedTests-Bridging-Header.h";
				SWIFT_OPTIMIZATION_LEVEL = "-Onone";
				SWIFT_VERSION = 4.2;
				TEST_TARGET_NAME = PallyConFPSBasic;
			};
			name = Debug;
		};
		C15E159C1E30A9AD00A84BB9 /* Release */ = {
			isa = XCBuildConfiguration;
			buildSettings = {
				ALWAYS_EMBED_SWIFT_STANDARD_LIBRARIES = YES;
				CLANG_ENABLE_MODULES = YES;
				INFOPLIST_FILE = PallyConFPSBasicTests/Info.plist;
				LD_RUNPATH_SEARCH_PATHS = "$(inherited) @executable_path/Frameworks @loader_path/Frameworks";
				PRODUCT_BUNDLE_IDENTIFIER = com.inka.PallyConFPSBasicUITests;
				PRODUCT_NAME = "$(TARGET_NAME)";
				SWIFT_OBJC_BRIDGING_HEADER = "PallyConFPSAdvancedTests/PallyConFPSAdvancedTests-Bridging-Header.h";
				SWIFT_VERSION = 4.2;
				TEST_TARGET_NAME = PallyConFPSBasic;
			};
			name = Release;
		};
/* End XCBuildConfiguration section */

/* Begin XCConfigurationList section */
		C156B3721E7F72CF00344598 /* Build configuration list for PBXNativeTarget "FairPlayAdvancedTV" */ = {
			isa = XCConfigurationList;
			buildConfigurations = (
				C156B3731E7F72CF00344598 /* Debug */,
				C156B3741E7F72CF00344598 /* Release */,
			);
			defaultConfigurationIsVisible = 0;
			defaultConfigurationName = Release;
		};
		C15E15671E30A9AD00A84BB9 /* Build configuration list for PBXProject "FairPlayAdvanced" */ = {
			isa = XCConfigurationList;
			buildConfigurations = (
				C15E15921E30A9AD00A84BB9 /* Debug */,
				C15E15931E30A9AD00A84BB9 /* Release */,
			);
			defaultConfigurationIsVisible = 0;
			defaultConfigurationName = Release;
		};
		C15E15941E30A9AD00A84BB9 /* Build configuration list for PBXNativeTarget "FairPlayAdvanced" */ = {
			isa = XCConfigurationList;
			buildConfigurations = (
				C15E15951E30A9AD00A84BB9 /* Debug */,
				C15E15961E30A9AD00A84BB9 /* Release */,
			);
			defaultConfigurationIsVisible = 0;
			defaultConfigurationName = Release;
		};
		C15E15971E30A9AD00A84BB9 /* Build configuration list for PBXNativeTarget "FairPlayAdvancedTests" */ = {
			isa = XCConfigurationList;
			buildConfigurations = (
				C15E15981E30A9AD00A84BB9 /* Debug */,
				C15E15991E30A9AD00A84BB9 /* Release */,
			);
			defaultConfigurationIsVisible = 0;
			defaultConfigurationName = Release;
		};
		C15E159A1E30A9AD00A84BB9 /* Build configuration list for PBXNativeTarget "FairPlayAdvancedUITests" */ = {
			isa = XCConfigurationList;
			buildConfigurations = (
				C15E159B1E30A9AD00A84BB9 /* Debug */,
				C15E159C1E30A9AD00A84BB9 /* Release */,
			);
			defaultConfigurationIsVisible = 0;
			defaultConfigurationName = Release;
		};
/* End XCConfigurationList section */
	};
	rootObject = C15E15641E30A9AD00A84BB9 /* Project object */;
}
