// !$*UTF8*$!
{
	archiveVersion = 1;
	classes = {
	};
	objectVersion = 54;
	objects = {

/* Begin PBXBuildFile section */
		88A377EF220D591700F1F011 /* README.md in Resources */ = {isa = PBXBuildFile; fileRef = 88A377EE220D146900F1F011 /* README.md */; };
		88A377F0220D591A00F1F011 /* README.md in Resources */ = {isa = PBXBuildFile; fileRef = 88A377EE220D146900F1F011 /* README.md */; };
		B49AA6AA21351F43000D95A6 /* Main.storyboard in Resources */ = {isa = PBXBuildFile; fileRef = B49AA6A921351F43000D95A6 /* Main.storyboard */; };
		B49AA6AC21351F72000D95A6 /* Assets.xcassets in Resources */ = {isa = PBXBuildFile; fileRef = B49AA6AB21351F72000D95A6 /* Assets.xcassets */; };
		B4C1E4D121351DEF00EF1806 /* PallyConFPSSimpleTV-Info.plist in Resources */ = {isa = PBXBuildFile; fileRef = B4C1E4D021351DEF00EF1806 /* PallyConFPSSimpleTV-Info.plist */; };
		B4E249A12134D6E200E65D76 /* ViewController.swift in Sources */ = {isa = PBXBuildFile; fileRef = B4F8EA1F207B04E9006FDB56 /* ViewController.swift */; };
		B4E249A22134D6E200E65D76 /* AppDelegate.swift in Sources */ = {isa = PBXBuildFile; fileRef = B4F8EA1D207B04E9006FDB56 /* AppDelegate.swift */; };
		B4F8EA1E207B04E9006FDB56 /* AppDelegate.swift in Sources */ = {isa = PBXBuildFile; fileRef = B4F8EA1D207B04E9006FDB56 /* AppDelegate.swift */; };
		B4F8EA20207B04E9006FDB56 /* ViewController.swift in Sources */ = {isa = PBXBuildFile; fileRef = B4F8EA1F207B04E9006FDB56 /* ViewController.swift */; };
		B4F8EA23207B04E9006FDB56 /* Main.storyboard in Resources */ = {isa = PBXBuildFile; fileRef = B4F8EA21207B04E9006FDB56 /* Main.storyboard */; };
		B4F8EA25207B04E9006FDB56 /* Assets.xcassets in Resources */ = {isa = PBXBuildFile; fileRef = B4F8EA24207B04E9006FDB56 /* Assets.xcassets */; };
		B4F8EA28207B04E9006FDB56 /* LaunchScreen.storyboard in Resources */ = {isa = PBXBuildFile; fileRef = B4F8EA26207B04E9006FDB56 /* LaunchScreen.storyboard */; };
		C1CF014C2B5FBC0F002406B8 /* PallyConFPSSDK.xcframework in Frameworks */ = {isa = PBXBuildFile; fileRef = C1CF014B2B5FBC0F002406B8 /* PallyConFPSSDK.xcframework */; };
		C1CF014D2B5FBC0F002406B8 /* PallyConFPSSDK.xcframework in Embed Frameworks */ = {isa = PBXBuildFile; fileRef = C1CF014B2B5FBC0F002406B8 /* PallyConFPSSDK.xcframework */; settings = {ATTRIBUTES = (CodeSignOnCopy, RemoveHeadersOnCopy, ); }; };
/* End PBXBuildFile section */

/* Begin PBXCopyFilesBuildPhase section */
		B4E249B92134D7C300E65D76 /* Embed Frameworks */ = {
			isa = PBXCopyFilesBuildPhase;
			buildActionMask = 2147483647;
			dstPath = "";
			dstSubfolderSpec = 10;
			files = (
			);
			name = "Embed Frameworks";
			runOnlyForDeploymentPostprocessing = 0;
		};
		C1CF014E2B5FBC0F002406B8 /* Embed Frameworks */ = {
			isa = PBXCopyFilesBuildPhase;
			buildActionMask = 2147483647;
			dstPath = "";
			dstSubfolderSpec = 10;
			files = (
				C1CF014D2B5FBC0F002406B8 /* PallyConFPSSDK.xcframework in Embed Frameworks */,
			);
			name = "Embed Frameworks";
			runOnlyForDeploymentPostprocessing = 0;
		};
/* End PBXCopyFilesBuildPhase section */

/* Begin PBXFileReference section */
		88A377EE220D146900F1F011 /* README.md */ = {isa = PBXFileReference; lastKnownFileType = net.daringfireball.markdown; path = README.md; sourceTree = "<group>"; };
		B49AA6A921351F43000D95A6 /* Main.storyboard */ = {isa = PBXFileReference; lastKnownFileType = file.storyboard; path = Main.storyboard; sourceTree = "<group>"; };
		B49AA6AB21351F72000D95A6 /* Assets.xcassets */ = {isa = PBXFileReference; lastKnownFileType = folder.assetcatalog; path = Assets.xcassets; sourceTree = "<group>"; };
		B4C1E4D021351DEF00EF1806 /* PallyConFPSSimpleTV-Info.plist */ = {isa = PBXFileReference; fileEncoding = 4; lastKnownFileType = text.plist.xml; path = "PallyConFPSSimpleTV-Info.plist"; sourceTree = "<group>"; };
		B4E249AE2134D6E200E65D76 /* PallyConFPSSimpleTV.app */ = {isa = PBXFileReference; explicitFileType = wrapper.application; includeInIndex = 0; path = PallyConFPSSimpleTV.app; sourceTree = BUILT_PRODUCTS_DIR; };
		B4F8EA1A207B04E9006FDB56 /* PallyConFPSSimple.app */ = {isa = PBXFileReference; explicitFileType = wrapper.application; includeInIndex = 0; path = PallyConFPSSimple.app; sourceTree = BUILT_PRODUCTS_DIR; };
		B4F8EA1D207B04E9006FDB56 /* AppDelegate.swift */ = {isa = PBXFileReference; lastKnownFileType = sourcecode.swift; path = AppDelegate.swift; sourceTree = "<group>"; };
		B4F8EA1F207B04E9006FDB56 /* ViewController.swift */ = {isa = PBXFileReference; lastKnownFileType = sourcecode.swift; path = ViewController.swift; sourceTree = "<group>"; };
		B4F8EA22207B04E9006FDB56 /* Base */ = {isa = PBXFileReference; lastKnownFileType = file.storyboard; name = Base; path = Base.lproj/Main.storyboard; sourceTree = "<group>"; };
		B4F8EA24207B04E9006FDB56 /* Assets.xcassets */ = {isa = PBXFileReference; lastKnownFileType = folder.assetcatalog; path = Assets.xcassets; sourceTree = "<group>"; };
		B4F8EA27207B04E9006FDB56 /* Base */ = {isa = PBXFileReference; lastKnownFileType = file.storyboard; name = Base; path = Base.lproj/LaunchScreen.storyboard; sourceTree = "<group>"; };
		B4F8EA29207B04E9006FDB56 /* Info.plist */ = {isa = PBXFileReference; lastKnownFileType = text.plist.xml; path = Info.plist; sourceTree = "<group>"; };
		C1CF014B2B5FBC0F002406B8 /* PallyConFPSSDK.xcframework */ = {isa = PBXFileReference; lastKnownFileType = wrapper.xcframework; name = PallyConFPSSDK.xcframework; path = ../../../lib/PallyConFPSSDK.xcframework; sourceTree = "<group>"; };
/* End PBXFileReference section */

/* Begin PBXFrameworksBuildPhase section */
		B4E249A32134D6E200E65D76 /* Frameworks */ = {
			isa = PBXFrameworksBuildPhase;
			buildActionMask = 2147483647;
			files = (
			);
			runOnlyForDeploymentPostprocessing = 0;
		};
		B4F8EA17207B04E9006FDB56 /* Frameworks */ = {
			isa = PBXFrameworksBuildPhase;
			buildActionMask = 2147483647;
			files = (
				C1CF014C2B5FBC0F002406B8 /* PallyConFPSSDK.xcframework in Frameworks */,
			);
			runOnlyForDeploymentPostprocessing = 0;
		};
/* End PBXFrameworksBuildPhase section */

/* Begin PBXGroup section */
		884B28E322E177A40031C2EF /* Frameworks */ = {
			isa = PBXGroup;
			children = (
				C1CF014B2B5FBC0F002406B8 /* PallyConFPSSDK.xcframework */,
			);
			name = Frameworks;
			sourceTree = "<group>";
		};
		B4C1E4CF21351DEF00EF1806 /* PallyConFPSSimpleTV */ = {
			isa = PBXGroup;
			children = (
				B4C1E4D021351DEF00EF1806 /* PallyConFPSSimpleTV-Info.plist */,
				B49AA6AB21351F72000D95A6 /* Assets.xcassets */,
				B49AA6A921351F43000D95A6 /* Main.storyboard */,
			);
			path = PallyConFPSSimpleTV;
			sourceTree = "<group>";
		};
		B4F8EA11207B04E9006FDB56 = {
			isa = PBXGroup;
			children = (
				88A377EE220D146900F1F011 /* README.md */,
				B4C1E4CF21351DEF00EF1806 /* PallyConFPSSimpleTV */,
				B4F8EA1C207B04E9006FDB56 /* PallyConFPSSimple */,
				B4F8EA1B207B04E9006FDB56 /* Products */,
				884B28E322E177A40031C2EF /* Frameworks */,
			);
			sourceTree = "<group>";
		};
		B4F8EA1B207B04E9006FDB56 /* Products */ = {
			isa = PBXGroup;
			children = (
				B4F8EA1A207B04E9006FDB56 /* PallyConFPSSimple.app */,
				B4E249AE2134D6E200E65D76 /* PallyConFPSSimpleTV.app */,
			);
			name = Products;
			sourceTree = "<group>";
		};
		B4F8EA1C207B04E9006FDB56 /* PallyConFPSSimple */ = {
			isa = PBXGroup;
			children = (
				B4F8EA1D207B04E9006FDB56 /* AppDelegate.swift */,
				B4F8EA1F207B04E9006FDB56 /* ViewController.swift */,
				B4F8EA21207B04E9006FDB56 /* Main.storyboard */,
				B4F8EA24207B04E9006FDB56 /* Assets.xcassets */,
				B4F8EA26207B04E9006FDB56 /* LaunchScreen.storyboard */,
				B4F8EA29207B04E9006FDB56 /* Info.plist */,
			);
			path = PallyConFPSSimple;
			sourceTree = "<group>";
		};
/* End PBXGroup section */

/* Begin PBXNativeTarget section */
		B4E2499D2134D6E200E65D76 /* PallyConFPSSimpleTV */ = {
			isa = PBXNativeTarget;
			buildConfigurationList = B4E249AB2134D6E200E65D76 /* Build configuration list for PBXNativeTarget "PallyConFPSSimpleTV" */;
			buildPhases = (
				B4E249A02134D6E200E65D76 /* Sources */,
				B4E249A32134D6E200E65D76 /* Frameworks */,
				B4E249A52134D6E200E65D76 /* Resources */,
				B4E249B92134D7C300E65D76 /* Embed Frameworks */,
			);
			buildRules = (
			);
			dependencies = (
			);
			name = PallyConFPSSimpleTV;
			productName = PallyConFPSSimple;
			productReference = B4E249AE2134D6E200E65D76 /* PallyConFPSSimpleTV.app */;
			productType = "com.apple.product-type.application";
		};
		B4F8EA19207B04E9006FDB56 /* PallyConFPSSimple */ = {
			isa = PBXNativeTarget;
			buildConfigurationList = B4F8EA2C207B04E9006FDB56 /* Build configuration list for PBXNativeTarget "PallyConFPSSimple" */;
			buildPhases = (
				B4F8EA16207B04E9006FDB56 /* Sources */,
				B4F8EA17207B04E9006FDB56 /* Frameworks */,
				B4F8EA18207B04E9006FDB56 /* Resources */,
				C1CF014E2B5FBC0F002406B8 /* Embed Frameworks */,
			);
			buildRules = (
			);
			dependencies = (
			);
			name = PallyConFPSSimple;
			productName = PallyConFPSSimple;
			productReference = B4F8EA1A207B04E9006FDB56 /* PallyConFPSSimple.app */;
			productType = "com.apple.product-type.application";
		};
/* End PBXNativeTarget section */

/* Begin PBXProject section */
		B4F8EA12207B04E9006FDB56 /* Project object */ = {
			isa = PBXProject;
			attributes = {
				LastSwiftUpdateCheck = 0920;
				LastUpgradeCheck = 1000;
				ORGANIZATIONNAME = inka;
				TargetAttributes = {
					B4E2499D2134D6E200E65D76 = {
						LastSwiftMigration = 1000;
						ProvisioningStyle = Automatic;
					};
					B4F8EA19207B04E9006FDB56 = {
						CreatedOnToolsVersion = 9.2;
						ProvisioningStyle = Automatic;
					};
				};
			};
			buildConfigurationList = B4F8EA15207B04E9006FDB56 /* Build configuration list for PBXProject "PallyConFPSSimple" */;
			compatibilityVersion = "Xcode 8.0";
			developmentRegion = en;
			hasScannedForEncodings = 0;
			knownRegions = (
				en,
				Base,
			);
			mainGroup = B4F8EA11207B04E9006FDB56;
			productRefGroup = B4F8EA1B207B04E9006FDB56 /* Products */;
			projectDirPath = "";
			projectRoot = "";
			targets = (
				B4F8EA19207B04E9006FDB56 /* PallyConFPSSimple */,
				B4E2499D2134D6E200E65D76 /* PallyConFPSSimpleTV */,
			);
		};
/* End PBXProject section */

/* Begin PBXResourcesBuildPhase section */
		B4E249A52134D6E200E65D76 /* Resources */ = {
			isa = PBXResourcesBuildPhase;
			buildActionMask = 2147483647;
			files = (
				B4C1E4D121351DEF00EF1806 /* PallyConFPSSimpleTV-Info.plist in Resources */,
				B49AA6AA21351F43000D95A6 /* Main.storyboard in Resources */,
				88A377F0220D591A00F1F011 /* README.md in Resources */,
				B49AA6AC21351F72000D95A6 /* Assets.xcassets in Resources */,
			);
			runOnlyForDeploymentPostprocessing = 0;
		};
		B4F8EA18207B04E9006FDB56 /* Resources */ = {
			isa = PBXResourcesBuildPhase;
			buildActionMask = 2147483647;
			files = (
				B4F8EA28207B04E9006FDB56 /* LaunchScreen.storyboard in Resources */,
				B4F8EA25207B04E9006FDB56 /* Assets.xcassets in Resources */,
				88A377EF220D591700F1F011 /* README.md in Resources */,
				B4F8EA23207B04E9006FDB56 /* Main.storyboard in Resources */,
			);
			runOnlyForDeploymentPostprocessing = 0;
		};
/* End PBXResourcesBuildPhase section */

/* Begin PBXSourcesBuildPhase section */
		B4E249A02134D6E200E65D76 /* Sources */ = {
			isa = PBXSourcesBuildPhase;
			buildActionMask = 2147483647;
			files = (
				B4E249A12134D6E200E65D76 /* ViewController.swift in Sources */,
				B4E249A22134D6E200E65D76 /* AppDelegate.swift in Sources */,
			);
			runOnlyForDeploymentPostprocessing = 0;
		};
		B4F8EA16207B04E9006FDB56 /* Sources */ = {
			isa = PBXSourcesBuildPhase;
			buildActionMask = 2147483647;
			files = (
				B4F8EA20207B04E9006FDB56 /* ViewController.swift in Sources */,
				B4F8EA1E207B04E9006FDB56 /* AppDelegate.swift in Sources */,
			);
			runOnlyForDeploymentPostprocessing = 0;
		};
/* End PBXSourcesBuildPhase section */

/* Begin PBXVariantGroup section */
		B4F8EA21207B04E9006FDB56 /* Main.storyboard */ = {
			isa = PBXVariantGroup;
			children = (
				B4F8EA22207B04E9006FDB56 /* Base */,
			);
			name = Main.storyboard;
			sourceTree = "<group>";
		};
		B4F8EA26207B04E9006FDB56 /* LaunchScreen.storyboard */ = {
			isa = PBXVariantGroup;
			children = (
				B4F8EA27207B04E9006FDB56 /* Base */,
			);
			name = LaunchScreen.storyboard;
			sourceTree = "<group>";
		};
/* End PBXVariantGroup section */

/* Begin XCBuildConfiguration section */
		B4E249AC2134D6E200E65D76 /* Debug */ = {
			isa = XCBuildConfiguration;
			buildSettings = {
				ALWAYS_EMBED_SWIFT_STANDARD_LIBRARIES = YES;
				ASSETCATALOG_COMPILER_LAUNCHIMAGE_NAME = LaunchImage;
				CODE_SIGN_STYLE = Automatic;
				DEVELOPMENT_TEAM = 22X77ENQ2H;
				ENABLE_BITCODE = NO;
				INFOPLIST_FILE = "PallyConFPSSDKTV/PallyConFPSSDKTV-Info.plist";
				IPHONEOS_DEPLOYMENT_TARGET = 11.0;
				LD_RUNPATH_SEARCH_PATHS = (
					"$(inherited)",
					"@executable_path/Frameworks",
				);
				PRODUCT_BUNDLE_IDENTIFIER = com.inka.PallyConFPSSimpleTV;
				PRODUCT_NAME = "$(TARGET_NAME)";
				SDKROOT = appletvos;
				SWIFT_VERSION = 4.2;
				TARGETED_DEVICE_FAMILY = 3;
				TVOS_DEPLOYMENT_TARGET = 11.2;
			};
			name = Debug;
		};
		B4E249AD2134D6E200E65D76 /* Release */ = {
			isa = XCBuildConfiguration;
			buildSettings = {
				ALWAYS_EMBED_SWIFT_STANDARD_LIBRARIES = YES;
				ASSETCATALOG_COMPILER_LAUNCHIMAGE_NAME = LaunchImage;
				CODE_SIGN_STYLE = Automatic;
				DEVELOPMENT_TEAM = 22X77ENQ2H;
				ENABLE_BITCODE = NO;
				INFOPLIST_FILE = "PallyConFPSSDKTV/PallyConFPSSDKTV-Info.plist";
				IPHONEOS_DEPLOYMENT_TARGET = 11.0;
				LD_RUNPATH_SEARCH_PATHS = (
					"$(inherited)",
					"@executable_path/Frameworks",
				);
				PRODUCT_BUNDLE_IDENTIFIER = com.inka.PallyConFPSSimpleTV;
				PRODUCT_NAME = "$(TARGET_NAME)";
				SDKROOT = appletvos;
				SWIFT_VERSION = 4.2;
				TARGETED_DEVICE_FAMILY = 3;
				TVOS_DEPLOYMENT_TARGET = 11.2;
			};
			name = Release;
		};
		B4F8EA2A207B04E9006FDB56 /* Debug */ = {
			isa = XCBuildConfiguration;
			buildSettings = {
				ALWAYS_SEARCH_USER_PATHS = NO;
				CLANG_ANALYZER_NONNULL = YES;
				CLANG_ANALYZER_NUMBER_OBJECT_CONVERSION = YES_AGGRESSIVE;
				CLANG_CXX_LANGUAGE_STANDARD = "gnu++14";
				CLANG_CXX_LIBRARY = "libc++";
				CLANG_ENABLE_MODULES = YES;
				CLANG_ENABLE_OBJC_ARC = YES;
				CLANG_WARN_BLOCK_CAPTURE_AUTORELEASING = YES;
				CLANG_WARN_BOOL_CONVERSION = YES;
				CLANG_WARN_COMMA = YES;
				CLANG_WARN_CONSTANT_CONVERSION = YES;
				CLANG_WARN_DEPRECATED_OBJC_IMPLEMENTATIONS = YES;
				CLANG_WARN_DIRECT_OBJC_ISA_USAGE = YES_ERROR;
				CLANG_WARN_DOCUMENTATION_COMMENTS = YES;
				CLANG_WARN_EMPTY_BODY = YES;
				CLANG_WARN_ENUM_CONVERSION = YES;
				CLANG_WARN_INFINITE_RECURSION = YES;
				CLANG_WARN_INT_CONVERSION = YES;
				CLANG_WARN_NON_LITERAL_NULL_CONVERSION = YES;
				CLANG_WARN_OBJC_IMPLICIT_RETAIN_SELF = YES;
				CLANG_WARN_OBJC_LITERAL_CONVERSION = YES;
				CLANG_WARN_OBJC_ROOT_CLASS = YES_ERROR;
				CLANG_WARN_RANGE_LOOP_ANALYSIS = YES;
				CLANG_WARN_STRICT_PROTOTYPES = YES;
				CLANG_WARN_SUSPICIOUS_MOVE = YES;
				CLANG_WARN_UNGUARDED_AVAILABILITY = YES_AGGRESSIVE;
				CLANG_WARN_UNREACHABLE_CODE = YES;
				CLANG_WARN__DUPLICATE_METHOD_MATCH = YES;
				CODE_SIGN_IDENTITY = "iPhone Developer";
				COPY_PHASE_STRIP = NO;
				DEBUG_INFORMATION_FORMAT = dwarf;
				ENABLE_STRICT_OBJC_MSGSEND = YES;
				ENABLE_TESTABILITY = YES;
				GCC_C_LANGUAGE_STANDARD = gnu11;
				GCC_DYNAMIC_NO_PIC = NO;
				GCC_NO_COMMON_BLOCKS = YES;
				GCC_OPTIMIZATION_LEVEL = 0;
				GCC_PREPROCESSOR_DEFINITIONS = (
					"DEBUG=1",
					"$(inherited)",
				);
				GCC_WARN_64_TO_32_BIT_CONVERSION = YES;
				GCC_WARN_ABOUT_RETURN_TYPE = YES_ERROR;
				GCC_WARN_UNDECLARED_SELECTOR = YES;
				GCC_WARN_UNINITIALIZED_AUTOS = YES_AGGRESSIVE;
				GCC_WARN_UNUSED_FUNCTION = YES;
				GCC_WARN_UNUSED_VARIABLE = YES;
				IPHONEOS_DEPLOYMENT_TARGET = 11.2;
				MTL_ENABLE_DEBUG_INFO = YES;
				ONLY_ACTIVE_ARCH = YES;
				SDKROOT = iphoneos;
				SWIFT_ACTIVE_COMPILATION_CONDITIONS = DEBUG;
				SWIFT_OPTIMIZATION_LEVEL = "-Onone";
			};
			name = Debug;
		};
		B4F8EA2B207B04E9006FDB56 /* Release */ = {
			isa = XCBuildConfiguration;
			buildSettings = {
				ALWAYS_SEARCH_USER_PATHS = NO;
				CLANG_ANALYZER_NONNULL = YES;
				CLANG_ANALYZER_NUMBER_OBJECT_CONVERSION = YES_AGGRESSIVE;
				CLANG_CXX_LANGUAGE_STANDARD = "gnu++14";
				CLANG_CXX_LIBRARY = "libc++";
				CLANG_ENABLE_MODULES = YES;
				CLANG_ENABLE_OBJC_ARC = YES;
				CLANG_WARN_BLOCK_CAPTURE_AUTORELEASING = YES;
				CLANG_WARN_BOOL_CONVERSION = YES;
				CLANG_WARN_COMMA = YES;
				CLANG_WARN_CONSTANT_CONVERSION = YES;
				CLANG_WARN_DEPRECATED_OBJC_IMPLEMENTATIONS = YES;
				CLANG_WARN_DIRECT_OBJC_ISA_USAGE = YES_ERROR;
				CLANG_WARN_DOCUMENTATION_COMMENTS = YES;
				CLANG_WARN_EMPTY_BODY = YES;
				CLANG_WARN_ENUM_CONVERSION = YES;
				CLANG_WARN_INFINITE_RECURSION = YES;
				CLANG_WARN_INT_CONVERSION = YES;
				CLANG_WARN_NON_LITERAL_NULL_CONVERSION = YES;
				CLANG_WARN_OBJC_IMPLICIT_RETAIN_SELF = YES;
				CLANG_WARN_OBJC_LITERAL_CONVERSION = YES;
				CLANG_WARN_OBJC_ROOT_CLASS = YES_ERROR;
				CLANG_WARN_RANGE_LOOP_ANALYSIS = YES;
				CLANG_WARN_STRICT_PROTOTYPES = YES;
				CLANG_WARN_SUSPICIOUS_MOVE = YES;
				CLANG_WARN_UNGUARDED_AVAILABILITY = YES_AGGRESSIVE;
				CLANG_WARN_UNREACHABLE_CODE = YES;
				CLANG_WARN__DUPLICATE_METHOD_MATCH = YES;
				CODE_SIGN_IDENTITY = "iPhone Developer";
				COPY_PHASE_STRIP = NO;
				DEBUG_INFORMATION_FORMAT = "dwarf-with-dsym";
				ENABLE_NS_ASSERTIONS = NO;
				ENABLE_STRICT_OBJC_MSGSEND = YES;
				GCC_C_LANGUAGE_STANDARD = gnu11;
				GCC_NO_COMMON_BLOCKS = YES;
				GCC_WARN_64_TO_32_BIT_CONVERSION = YES;
				GCC_WARN_ABOUT_RETURN_TYPE = YES_ERROR;
				GCC_WARN_UNDECLARED_SELECTOR = YES;
				GCC_WARN_UNINITIALIZED_AUTOS = YES_AGGRESSIVE;
				GCC_WARN_UNUSED_FUNCTION = YES;
				GCC_WARN_UNUSED_VARIABLE = YES;
				IPHONEOS_DEPLOYMENT_TARGET = 11.2;
				MTL_ENABLE_DEBUG_INFO = NO;
				SDKROOT = iphoneos;
				SWIFT_COMPILATION_MODE = wholemodule;
				SWIFT_OPTIMIZATION_LEVEL = "-O";
				VALIDATE_PRODUCT = YES;
			};
			name = Release;
		};
		B4F8EA2D207B04E9006FDB56 /* Debug */ = {
			isa = XCBuildConfiguration;
			buildSettings = {
				ASSETCATALOG_COMPILER_APPICON_NAME = AppIcon;
				CODE_SIGN_IDENTITY = "iPhone Developer";
				CODE_SIGN_STYLE = Automatic;
				CURRENT_PROJECT_VERSION = 1;
				DEVELOPMENT_TEAM = 22X77ENQ2H;
				ENABLE_BITCODE = NO;
				FRAMEWORK_SEARCH_PATHS = ../../../lib;
				INFOPLIST_FILE = PallyConFPSSimple/Info.plist;
				IPHONEOS_DEPLOYMENT_TARGET = 12.0;
				LD_RUNPATH_SEARCH_PATHS = (
					"$(inherited)",
					"@executable_path/Frameworks",
				);
				MARKETING_VERSION = 1.0;
				OTHER_LDFLAGS = "";
				PRODUCT_BUNDLE_IDENTIFIER = com.inka.PallyConFPSSimple;
				PRODUCT_NAME = "$(TARGET_NAME)";
				PROVISIONING_PROFILE_SPECIFIER = "";
				SWIFT_VERSION = 5.0;
				TARGETED_DEVICE_FAMILY = "1,2";
			};
			name = Debug;
		};
		B4F8EA2E207B04E9006FDB56 /* Release */ = {
			isa = XCBuildConfiguration;
			buildSettings = {
				ASSETCATALOG_COMPILER_APPICON_NAME = AppIcon;
				CODE_SIGN_IDENTITY = "iPhone Developer";
				CODE_SIGN_STYLE = Automatic;
				CURRENT_PROJECT_VERSION = 1;
				DEVELOPMENT_TEAM = 22X77ENQ2H;
				ENABLE_BITCODE = NO;
				FRAMEWORK_SEARCH_PATHS = ../../../lib;
				INFOPLIST_FILE = PallyConFPSSimple/Info.plist;
				IPHONEOS_DEPLOYMENT_TARGET = 12.0;
				LD_RUNPATH_SEARCH_PATHS = (
					"$(inherited)",
					"@executable_path/Frameworks",
				);
				MARKETING_VERSION = 1.0;
				OTHER_LDFLAGS = "";
				PRODUCT_BUNDLE_IDENTIFIER = com.inka.PallyConFPSSimple;
				PRODUCT_NAME = "$(TARGET_NAME)";
				PROVISIONING_PROFILE_SPECIFIER = "";
				SWIFT_VERSION = 5.0;
				TARGETED_DEVICE_FAMILY = "1,2";
			};
			name = Release;
		};
/* End XCBuildConfiguration section */

/* Begin XCConfigurationList section */
		B4E249AB2134D6E200E65D76 /* Build configuration list for PBXNativeTarget "PallyConFPSSimpleTV" */ = {
			isa = XCConfigurationList;
			buildConfigurations = (
				B4E249AC2134D6E200E65D76 /* Debug */,
				B4E249AD2134D6E200E65D76 /* Release */,
			);
			defaultConfigurationIsVisible = 0;
			defaultConfigurationName = Release;
		};
		B4F8EA15207B04E9006FDB56 /* Build configuration list for PBXProject "PallyConFPSSimple" */ = {
			isa = XCConfigurationList;
			buildConfigurations = (
				B4F8EA2A207B04E9006FDB56 /* Debug */,
				B4F8EA2B207B04E9006FDB56 /* Release */,
			);
			defaultConfigurationIsVisible = 0;
			defaultConfigurationName = Release;
		};
		B4F8EA2C207B04E9006FDB56 /* Build configuration list for PBXNativeTarget "PallyConFPSSimple" */ = {
			isa = XCConfigurationList;
			buildConfigurations = (
				B4F8EA2D207B04E9006FDB56 /* Debug */,
				B4F8EA2E207B04E9006FDB56 /* Release */,
			);
			defaultConfigurationIsVisible = 0;
			defaultConfigurationName = Release;
		};
/* End XCConfigurationList section */
	};
	rootObject = B4F8EA12207B04E9006FDB56 /* Project object */;
}
