// !$*UTF8*$!
{
	archiveVersion = 1;
	classes = {
	};
	objectVersion = 54;
	objects = {

/* Begin PBXBuildFile section */
		88A14E59220D653A00354DBE /* README.md in Resources */ = {isa = PBXBuildFile; fileRef = 88A14E58220D653A00354DBE /* README.md */; };
		88A14E5A220D653A00354DBE /* README.md in Resources */ = {isa = PBXBuildFile; fileRef = 88A14E58220D653A00354DBE /* README.md */; };
		B49AA6B121352425000D95A6 /* ViewController.m in Sources */ = {isa = PBXBuildFile; fileRef = B4AFA9052075E329005AF13A /* ViewController.m */; };
		B49AA6B221352425000D95A6 /* main.m in Sources */ = {isa = PBXBuildFile; fileRef = B4AFA9102075E329005AF13A /* main.m */; };
		B49AA6B321352425000D95A6 /* AppDelegate.m in Sources */ = {isa = PBXBuildFile; fileRef = B4AFA9022075E329005AF13A /* AppDelegate.m */; };
		B49AA6C6213525A8000D95A6 /* Main.storyboard in Resources */ = {isa = PBXBuildFile; fileRef = B49AA6C5213525A8000D95A6 /* Main.storyboard */; };
		B49AA6C82135261F000D95A6 /* Assets.xcassets in Resources */ = {isa = PBXBuildFile; fileRef = B49AA6C72135261F000D95A6 /* Assets.xcassets */; };
		B4AFA9032075E329005AF13A /* AppDelegate.m in Sources */ = {isa = PBXBuildFile; fileRef = B4AFA9022075E329005AF13A /* AppDelegate.m */; };
		B4AFA9062075E329005AF13A /* ViewController.m in Sources */ = {isa = PBXBuildFile; fileRef = B4AFA9052075E329005AF13A /* ViewController.m */; };
		B4AFA9092075E329005AF13A /* Main.storyboard in Resources */ = {isa = PBXBuildFile; fileRef = B4AFA9072075E329005AF13A /* Main.storyboard */; };
		B4AFA90B2075E329005AF13A /* Assets.xcassets in Resources */ = {isa = PBXBuildFile; fileRef = B4AFA90A2075E329005AF13A /* Assets.xcassets */; };
		B4AFA90E2075E329005AF13A /* LaunchScreen.storyboard in Resources */ = {isa = PBXBuildFile; fileRef = B4AFA90C2075E329005AF13A /* LaunchScreen.storyboard */; };
		B4AFA9112075E329005AF13A /* main.m in Sources */ = {isa = PBXBuildFile; fileRef = B4AFA9102075E329005AF13A /* main.m */; };
		C117297D2717338400F6FE10 /* PallyConFPSSDK.xcframework in Frameworks */ = {isa = PBXBuildFile; fileRef = C18B6F7127171BC600FAC0BE /* PallyConFPSSDK.xcframework */; };
		C117297E2717338400F6FE10 /* PallyConFPSSDK.xcframework in Embed Frameworks */ = {isa = PBXBuildFile; fileRef = C18B6F7127171BC600FAC0BE /* PallyConFPSSDK.xcframework */; settings = {ATTRIBUTES = (CodeSignOnCopy, RemoveHeadersOnCopy, ); }; };
		C17F9A812C50E1E700B3B57B /* PallyConFPSSDK.xcframework in Frameworks */ = {isa = PBXBuildFile; fileRef = C18B6F7127171BC600FAC0BE /* PallyConFPSSDK.xcframework */; };
		C17F9A822C50E1E700B3B57B /* PallyConFPSSDK.xcframework in Embed Frameworks */ = {isa = PBXBuildFile; fileRef = C18B6F7127171BC600FAC0BE /* PallyConFPSSDK.xcframework */; settings = {ATTRIBUTES = (CodeSignOnCopy, RemoveHeadersOnCopy, ); }; };
/* End PBXBuildFile section */

/* Begin PBXCopyFilesBuildPhase section */
		C117297F2717338400F6FE10 /* Embed Frameworks */ = {
			isa = PBXCopyFilesBuildPhase;
			buildActionMask = 2147483647;
			dstPath = "";
			dstSubfolderSpec = 10;
			files = (
				C117297E2717338400F6FE10 /* PallyConFPSSDK.xcframework in Embed Frameworks */,
			);
			name = "Embed Frameworks";
			runOnlyForDeploymentPostprocessing = 0;
		};
		C1BBD9912AB1C1F800D1C319 /* Embed Frameworks */ = {
			isa = PBXCopyFilesBuildPhase;
			buildActionMask = 2147483647;
			dstPath = "";
			dstSubfolderSpec = 10;
			files = (
				C17F9A822C50E1E700B3B57B /* PallyConFPSSDK.xcframework in Embed Frameworks */,
			);
			name = "Embed Frameworks";
			runOnlyForDeploymentPostprocessing = 0;
		};
/* End PBXCopyFilesBuildPhase section */

/* Begin PBXFileReference section */
		88A14E58220D653A00354DBE /* README.md */ = {isa = PBXFileReference; lastKnownFileType = net.daringfireball.markdown; path = README.md; sourceTree = "<group>"; };
		B49AA6BF21352425000D95A6 /* PallyConFPSSimpleTV.app */ = {isa = PBXFileReference; explicitFileType = wrapper.application; includeInIndex = 0; path = PallyConFPSSimpleTV.app; sourceTree = BUILT_PRODUCTS_DIR; };
		B49AA6C22135244D000D95A6 /* PallyConFPSSimpleTV-Info.plist */ = {isa = PBXFileReference; fileEncoding = 4; lastKnownFileType = text.plist.xml; path = "PallyConFPSSimpleTV-Info.plist"; sourceTree = "<group>"; };
		B49AA6C5213525A8000D95A6 /* Main.storyboard */ = {isa = PBXFileReference; lastKnownFileType = file.storyboard; path = Main.storyboard; sourceTree = "<group>"; };
		B49AA6C72135261F000D95A6 /* Assets.xcassets */ = {isa = PBXFileReference; lastKnownFileType = folder.assetcatalog; path = Assets.xcassets; sourceTree = "<group>"; };
		B4AFA8FE2075E329005AF13A /* PallyConFPSSimple.app */ = {isa = PBXFileReference; explicitFileType = wrapper.application; includeInIndex = 0; path = PallyConFPSSimple.app; sourceTree = BUILT_PRODUCTS_DIR; };
		B4AFA9012075E329005AF13A /* AppDelegate.h */ = {isa = PBXFileReference; lastKnownFileType = sourcecode.c.h; path = AppDelegate.h; sourceTree = "<group>"; };
		B4AFA9022075E329005AF13A /* AppDelegate.m */ = {isa = PBXFileReference; lastKnownFileType = sourcecode.c.objc; path = AppDelegate.m; sourceTree = "<group>"; };
		B4AFA9042075E329005AF13A /* ViewController.h */ = {isa = PBXFileReference; lastKnownFileType = sourcecode.c.h; path = ViewController.h; sourceTree = "<group>"; };
		B4AFA9052075E329005AF13A /* ViewController.m */ = {isa = PBXFileReference; lastKnownFileType = sourcecode.c.objc; path = ViewController.m; sourceTree = "<group>"; };
		B4AFA9082075E329005AF13A /* Base */ = {isa = PBXFileReference; lastKnownFileType = file.storyboard; name = Base; path = Base.lproj/Main.storyboard; sourceTree = "<group>"; };
		B4AFA90A2075E329005AF13A /* Assets.xcassets */ = {isa = PBXFileReference; lastKnownFileType = folder.assetcatalog; path = Assets.xcassets; sourceTree = "<group>"; };
		B4AFA90D2075E329005AF13A /* Base */ = {isa = PBXFileReference; lastKnownFileType = file.storyboard; name = Base; path = Base.lproj/LaunchScreen.storyboard; sourceTree = "<group>"; };
		B4AFA90F2075E329005AF13A /* Info.plist */ = {isa = PBXFileReference; lastKnownFileType = text.plist.xml; path = Info.plist; sourceTree = "<group>"; };
		B4AFA9102075E329005AF13A /* main.m */ = {isa = PBXFileReference; lastKnownFileType = sourcecode.c.objc; path = main.m; sourceTree = "<group>"; };
		C18B6F7127171BC600FAC0BE /* PallyConFPSSDK.xcframework */ = {isa = PBXFileReference; lastKnownFileType = wrapper.xcframework; name = PallyConFPSSDK.xcframework; path = ../../../lib/PallyConFPSSDK.xcframework; sourceTree = "<group>"; };
/* End PBXFileReference section */

/* Begin PBXFrameworksBuildPhase section */
		B49AA6B421352425000D95A6 /* Frameworks */ = {
			isa = PBXFrameworksBuildPhase;
			buildActionMask = 2147483647;
			files = (
				C117297D2717338400F6FE10 /* PallyConFPSSDK.xcframework in Frameworks */,
			);
			runOnlyForDeploymentPostprocessing = 0;
		};
		B4AFA8FB2075E329005AF13A /* Frameworks */ = {
			isa = PBXFrameworksBuildPhase;
			buildActionMask = 2147483647;
			files = (
				C17F9A812C50E1E700B3B57B /* PallyConFPSSDK.xcframework in Frameworks */,
			);
			runOnlyForDeploymentPostprocessing = 0;
		};
/* End PBXFrameworksBuildPhase section */

/* Begin PBXGroup section */
		B49AA6C12135244D000D95A6 /* PallyConFPSSimpleTV */ = {
			isa = PBXGroup;
			children = (
				B49AA6C22135244D000D95A6 /* PallyConFPSSimpleTV-Info.plist */,
				B49AA6C72135261F000D95A6 /* Assets.xcassets */,
				B49AA6C5213525A8000D95A6 /* Main.storyboard */,
			);
			path = PallyConFPSSimpleTV;
			sourceTree = "<group>";
		};
		B4AFA8F52075E329005AF13A = {
			isa = PBXGroup;
			children = (
				88A14E58220D653A00354DBE /* README.md */,
				B49AA6C12135244D000D95A6 /* PallyConFPSSimpleTV */,
				B4AFA9002075E329005AF13A /* PallyConFPSSimple */,
				B4AFA8FF2075E329005AF13A /* Products */,
				B4F8EA58207B296F006FDB56 /* Frameworks */,
			);
			sourceTree = "<group>";
		};
		B4AFA8FF2075E329005AF13A /* Products */ = {
			isa = PBXGroup;
			children = (
				B4AFA8FE2075E329005AF13A /* PallyConFPSSimple.app */,
				B49AA6BF21352425000D95A6 /* PallyConFPSSimpleTV.app */,
			);
			name = Products;
			sourceTree = "<group>";
		};
		B4AFA9002075E329005AF13A /* PallyConFPSSimple */ = {
			isa = PBXGroup;
			children = (
				B4AFA9012075E329005AF13A /* AppDelegate.h */,
				B4AFA9022075E329005AF13A /* AppDelegate.m */,
				B4AFA9042075E329005AF13A /* ViewController.h */,
				B4AFA9052075E329005AF13A /* ViewController.m */,
				B4AFA9072075E329005AF13A /* Main.storyboard */,
				B4AFA90A2075E329005AF13A /* Assets.xcassets */,
				B4AFA90C2075E329005AF13A /* LaunchScreen.storyboard */,
				B4AFA90F2075E329005AF13A /* Info.plist */,
				B4AFA9102075E329005AF13A /* main.m */,
			);
			path = PallyConFPSSimple;
			sourceTree = "<group>";
		};
		B4F8EA58207B296F006FDB56 /* Frameworks */ = {
			isa = PBXGroup;
			children = (
				C18B6F7127171BC600FAC0BE /* PallyConFPSSDK.xcframework */,
			);
			name = Frameworks;
			sourceTree = "<group>";
		};
/* End PBXGroup section */

/* Begin PBXNativeTarget section */
		B49AA6AF21352425000D95A6 /* PallyConFPSSimpleTV */ = {
			isa = PBXNativeTarget;
			buildConfigurationList = B49AA6BC21352425000D95A6 /* Build configuration list for PBXNativeTarget "PallyConFPSSimpleTV" */;
			buildPhases = (
				B49AA6B021352425000D95A6 /* Sources */,
				B49AA6B421352425000D95A6 /* Frameworks */,
				B49AA6B621352425000D95A6 /* Resources */,
				C117297F2717338400F6FE10 /* Embed Frameworks */,
			);
			buildRules = (
			);
			dependencies = (
			);
			name = PallyConFPSSimpleTV;
			productName = PallyConFPSSimple;
			productReference = B49AA6BF21352425000D95A6 /* PallyConFPSSimpleTV.app */;
			productType = "com.apple.product-type.application";
		};
		B4AFA8FD2075E329005AF13A /* PallyConFPSSimple */ = {
			isa = PBXNativeTarget;
			buildConfigurationList = B4AFA9142075E329005AF13A /* Build configuration list for PBXNativeTarget "PallyConFPSSimple" */;
			buildPhases = (
				B4AFA8FA2075E329005AF13A /* Sources */,
				B4AFA8FB2075E329005AF13A /* Frameworks */,
				B4AFA8FC2075E329005AF13A /* Resources */,
				C1BBD9912AB1C1F800D1C319 /* Embed Frameworks */,
			);
			buildRules = (
			);
			dependencies = (
			);
			name = PallyConFPSSimple;
			productName = PallyConFPSSimple;
			productReference = B4AFA8FE2075E329005AF13A /* PallyConFPSSimple.app */;
			productType = "com.apple.product-type.application";
		};
/* End PBXNativeTarget section */

/* Begin PBXProject section */
		B4AFA8F62075E329005AF13A /* Project object */ = {
			isa = PBXProject;
			attributes = {
				LastUpgradeCheck = 1000;
				ORGANIZATIONNAME = inka;
				TargetAttributes = {
					B49AA6AF21352425000D95A6 = {
						ProvisioningStyle = Automatic;
					};
					B4AFA8FD2075E329005AF13A = {
						CreatedOnToolsVersion = 9.2;
						ProvisioningStyle = Automatic;
					};
				};
			};
			buildConfigurationList = B4AFA8F92075E329005AF13A /* Build configuration list for PBXProject "PallyConFPSSimple" */;
			compatibilityVersion = "Xcode 8.0";
			developmentRegion = en;
			hasScannedForEncodings = 0;
			knownRegions = (
				en,
				Base,
			);
			mainGroup = B4AFA8F52075E329005AF13A;
			productRefGroup = B4AFA8FF2075E329005AF13A /* Products */;
			projectDirPath = "";
			projectRoot = "";
			targets = (
				B4AFA8FD2075E329005AF13A /* PallyConFPSSimple */,
				B49AA6AF21352425000D95A6 /* PallyConFPSSimpleTV */,
			);
		};
/* End PBXProject section */

/* Begin PBXResourcesBuildPhase section */
		B49AA6B621352425000D95A6 /* Resources */ = {
			isa = PBXResourcesBuildPhase;
			buildActionMask = 2147483647;
			files = (
				88A14E5A220D653A00354DBE /* README.md in Resources */,
				B49AA6C82135261F000D95A6 /* Assets.xcassets in Resources */,
				B49AA6C6213525A8000D95A6 /* Main.storyboard in Resources */,
			);
			runOnlyForDeploymentPostprocessing = 0;
		};
		B4AFA8FC2075E329005AF13A /* Resources */ = {
			isa = PBXResourcesBuildPhase;
			buildActionMask = 2147483647;
			files = (
				B4AFA90E2075E329005AF13A /* LaunchScreen.storyboard in Resources */,
				B4AFA90B2075E329005AF13A /* Assets.xcassets in Resources */,
				88A14E59220D653A00354DBE /* README.md in Resources */,
				B4AFA9092075E329005AF13A /* Main.storyboard in Resources */,
			);
			runOnlyForDeploymentPostprocessing = 0;
		};
/* End PBXResourcesBuildPhase section */

/* Begin PBXSourcesBuildPhase section */
		B49AA6B021352425000D95A6 /* Sources */ = {
			isa = PBXSourcesBuildPhase;
			buildActionMask = 2147483647;
			files = (
				B49AA6B121352425000D95A6 /* ViewController.m in Sources */,
				B49AA6B221352425000D95A6 /* main.m in Sources */,
				B49AA6B321352425000D95A6 /* AppDelegate.m in Sources */,
			);
			runOnlyForDeploymentPostprocessing = 0;
		};
		B4AFA8FA2075E329005AF13A /* Sources */ = {
			isa = PBXSourcesBuildPhase;
			buildActionMask = 2147483647;
			files = (
				B4AFA9062075E329005AF13A /* ViewController.m in Sources */,
				B4AFA9112075E329005AF13A /* main.m in Sources */,
				B4AFA9032075E329005AF13A /* AppDelegate.m in Sources */,
			);
			runOnlyForDeploymentPostprocessing = 0;
		};
/* End PBXSourcesBuildPhase section */

/* Begin PBXVariantGroup section */
		B4AFA9072075E329005AF13A /* Main.storyboard */ = {
			isa = PBXVariantGroup;
			children = (
				B4AFA9082075E329005AF13A /* Base */,
			);
			name = Main.storyboard;
			sourceTree = "<group>";
		};
		B4AFA90C2075E329005AF13A /* LaunchScreen.storyboard */ = {
			isa = PBXVariantGroup;
			children = (
				B4AFA90D2075E329005AF13A /* Base */,
			);
			name = LaunchScreen.storyboard;
			sourceTree = "<group>";
		};
/* End PBXVariantGroup section */

/* Begin XCBuildConfiguration section */
		B49AA6BD21352425000D95A6 /* Debug */ = {
			isa = XCBuildConfiguration;
			buildSettings = {
				ASSETCATALOG_COMPILER_APPICON_NAME = AppIcon;
				CODE_SIGN_STYLE = Automatic;
				DEVELOPMENT_TEAM = 22X77ENQ2H;
				FRAMEWORK_SEARCH_PATHS = (
					"$(inherited)",
					"\"$(SRCROOT)/../../../lib\"",
				);
				HEADER_SEARCH_PATHS = "";
				INFOPLIST_FILE = "$(SRCROOT)/PallyConFPSSimpleTV/PallyConFPSSimpleTV-Info.plist";
				IPHONEOS_DEPLOYMENT_TARGET = 10.0;
				LD_RUNPATH_SEARCH_PATHS = (
					"$(inherited)",
					"@executable_path/Frameworks",
				);
				PRODUCT_BUNDLE_IDENTIFIER = com.inka.PallyConFPSSimpleTVObjC;
				PRODUCT_NAME = "$(TARGET_NAME)";
				SDKROOT = appletvos;
				SUPPORTED_PLATFORMS = "appletvsimulator appletvos";
				TARGETED_DEVICE_FAMILY = 3;
				TVOS_DEPLOYMENT_TARGET = 10.0;
				VALID_ARCHS = arm64;
			};
			name = Debug;
		};
		B49AA6BE21352425000D95A6 /* Release */ = {
			isa = XCBuildConfiguration;
			buildSettings = {
				ASSETCATALOG_COMPILER_APPICON_NAME = AppIcon;
				CODE_SIGN_STYLE = Automatic;
				DEVELOPMENT_TEAM = 22X77ENQ2H;
				FRAMEWORK_SEARCH_PATHS = (
					"$(inherited)",
					"\"$(SRCROOT)/../../../lib\"",
				);
				HEADER_SEARCH_PATHS = "";
				INFOPLIST_FILE = "$(SRCROOT)/PallyConFPSSimpleTV/PallyConFPSSimpleTV-Info.plist";
				IPHONEOS_DEPLOYMENT_TARGET = 10.0;
				LD_RUNPATH_SEARCH_PATHS = (
					"$(inherited)",
					"@executable_path/Frameworks",
				);
				PRODUCT_BUNDLE_IDENTIFIER = com.inka.PallyConFPSSimpleTVObjC;
				PRODUCT_NAME = "$(TARGET_NAME)";
				SDKROOT = appletvos;
				SUPPORTED_PLATFORMS = "appletvsimulator appletvos";
				TARGETED_DEVICE_FAMILY = 3;
				TVOS_DEPLOYMENT_TARGET = 10.0;
				VALID_ARCHS = arm64;
			};
			name = Release;
		};
		B4AFA9122075E329005AF13A /* Debug */ = {
			isa = XCBuildConfiguration;
			buildSettings = {
				ALWAYS_SEARCH_USER_PATHS = NO;
				BITCODE_GENERATION_MODE = bitcode;
				CLANG_ANALYZER_NONNULL = YES;
				CLANG_ANALYZER_NUMBER_OBJECT_CONVERSION = YES_AGGRESSIVE;
				CLANG_CXX_LANGUAGE_STANDARD = "gnu++14";
				CLANG_CXX_LIBRARY = "libc++";
				CLANG_ENABLE_MODULES = YES;
				CLANG_ENABLE_OBJC_ARC = YES;
				CLANG_WARN_BLOCK_CAPTURE_AUTORELEASING = YES;
				CLANG_WARN_BOOL_CONVERSION = YES;
				CLANG_WARN_COMMA = YES;
				CLANG_WARN_CONSTANT_CONVERSION = YES;
				CLANG_WARN_DEPRECATED_OBJC_IMPLEMENTATIONS = YES;
				CLANG_WARN_DIRECT_OBJC_ISA_USAGE = YES_ERROR;
				CLANG_WARN_DOCUMENTATION_COMMENTS = YES;
				CLANG_WARN_EMPTY_BODY = YES;
				CLANG_WARN_ENUM_CONVERSION = YES;
				CLANG_WARN_INFINITE_RECURSION = YES;
				CLANG_WARN_INT_CONVERSION = YES;
				CLANG_WARN_NON_LITERAL_NULL_CONVERSION = YES;
				CLANG_WARN_OBJC_IMPLICIT_RETAIN_SELF = YES;
				CLANG_WARN_OBJC_LITERAL_CONVERSION = YES;
				CLANG_WARN_OBJC_ROOT_CLASS = YES_ERROR;
				CLANG_WARN_RANGE_LOOP_ANALYSIS = YES;
				CLANG_WARN_STRICT_PROTOTYPES = YES;
				CLANG_WARN_SUSPICIOUS_MOVE = YES;
				CLANG_WARN_UNGUARDED_AVAILABILITY = YES_AGGRESSIVE;
				CLANG_WARN_UNREACHABLE_CODE = YES;
				CLANG_WARN__DUPLICATE_METHOD_MATCH = YES;
				CODE_SIGN_IDENTITY = "iPhone Developer";
				COPY_PHASE_STRIP = NO;
				DEBUG_INFORMATION_FORMAT = dwarf;
				ENABLE_STRICT_OBJC_MSGSEND = YES;
				ENABLE_TESTABILITY = YES;
				GCC_C_LANGUAGE_STANDARD = gnu11;
				GCC_DYNAMIC_NO_PIC = NO;
				GCC_NO_COMMON_BLOCKS = YES;
				GCC_OPTIMIZATION_LEVEL = 0;
				GCC_PREPROCESSOR_DEFINITIONS = (
					"DEBUG=1",
					"$(inherited)",
				);
				GCC_WARN_64_TO_32_BIT_CONVERSION = YES;
				GCC_WARN_ABOUT_RETURN_TYPE = YES_ERROR;
				GCC_WARN_UNDECLARED_SELECTOR = YES;
				GCC_WARN_UNINITIALIZED_AUTOS = YES_AGGRESSIVE;
				GCC_WARN_UNUSED_FUNCTION = YES;
				GCC_WARN_UNUSED_VARIABLE = YES;
				IPHONEOS_DEPLOYMENT_TARGET = 11.2;
				MTL_ENABLE_DEBUG_INFO = YES;
				ONLY_ACTIVE_ARCH = YES;
				SDKROOT = iphoneos;
			};
			name = Debug;
		};
		B4AFA9132075E329005AF13A /* Release */ = {
			isa = XCBuildConfiguration;
			buildSettings = {
				ALWAYS_SEARCH_USER_PATHS = NO;
				BITCODE_GENERATION_MODE = bitcode;
				CLANG_ANALYZER_NONNULL = YES;
				CLANG_ANALYZER_NUMBER_OBJECT_CONVERSION = YES_AGGRESSIVE;
				CLANG_CXX_LANGUAGE_STANDARD = "gnu++14";
				CLANG_CXX_LIBRARY = "libc++";
				CLANG_ENABLE_MODULES = YES;
				CLANG_ENABLE_OBJC_ARC = YES;
				CLANG_WARN_BLOCK_CAPTURE_AUTORELEASING = YES;
				CLANG_WARN_BOOL_CONVERSION = YES;
				CLANG_WARN_COMMA = YES;
				CLANG_WARN_CONSTANT_CONVERSION = YES;
				CLANG_WARN_DEPRECATED_OBJC_IMPLEMENTATIONS = YES;
				CLANG_WARN_DIRECT_OBJC_ISA_USAGE = YES_ERROR;
				CLANG_WARN_DOCUMENTATION_COMMENTS = YES;
				CLANG_WARN_EMPTY_BODY = YES;
				CLANG_WARN_ENUM_CONVERSION = YES;
				CLANG_WARN_INFINITE_RECURSION = YES;
				CLANG_WARN_INT_CONVERSION = YES;
				CLANG_WARN_NON_LITERAL_NULL_CONVERSION = YES;
				CLANG_WARN_OBJC_IMPLICIT_RETAIN_SELF = YES;
				CLANG_WARN_OBJC_LITERAL_CONVERSION = YES;
				CLANG_WARN_OBJC_ROOT_CLASS = YES_ERROR;
				CLANG_WARN_RANGE_LOOP_ANALYSIS = YES;
				CLANG_WARN_STRICT_PROTOTYPES = YES;
				CLANG_WARN_SUSPICIOUS_MOVE = YES;
				CLANG_WARN_UNGUARDED_AVAILABILITY = YES_AGGRESSIVE;
				CLANG_WARN_UNREACHABLE_CODE = YES;
				CLANG_WARN__DUPLICATE_METHOD_MATCH = YES;
				CODE_SIGN_IDENTITY = "iPhone Developer";
				COPY_PHASE_STRIP = NO;
				DEBUG_INFORMATION_FORMAT = "dwarf-with-dsym";
				ENABLE_NS_ASSERTIONS = NO;
				ENABLE_STRICT_OBJC_MSGSEND = YES;
				GCC_C_LANGUAGE_STANDARD = gnu11;
				GCC_NO_COMMON_BLOCKS = YES;
				GCC_WARN_64_TO_32_BIT_CONVERSION = YES;
				GCC_WARN_ABOUT_RETURN_TYPE = YES_ERROR;
				GCC_WARN_UNDECLARED_SELECTOR = YES;
				GCC_WARN_UNINITIALIZED_AUTOS = YES_AGGRESSIVE;
				GCC_WARN_UNUSED_FUNCTION = YES;
				GCC_WARN_UNUSED_VARIABLE = YES;
				IPHONEOS_DEPLOYMENT_TARGET = 11.2;
				MTL_ENABLE_DEBUG_INFO = NO;
				SDKROOT = iphoneos;
				VALIDATE_PRODUCT = YES;
			};
			name = Release;
		};
		B4AFA9152075E329005AF13A /* Debug */ = {
			isa = XCBuildConfiguration;
			buildSettings = {
				ASSETCATALOG_COMPILER_APPICON_NAME = AppIcon;
				BITCODE_GENERATION_MODE = "";
				CODE_SIGN_STYLE = Automatic;
				DEVELOPMENT_TEAM = 22X77ENQ2H;
				ENABLE_BITCODE = NO;
				FRAMEWORK_SEARCH_PATHS = (
					"$(inherited)",
					../../../lib,
				);
				HEADER_SEARCH_PATHS = "";
				INFOPLIST_FILE = PallyConFPSSimple/Info.plist;
				IPHONEOS_DEPLOYMENT_TARGET = 13.0;
				LD_RUNPATH_SEARCH_PATHS = (
					"$(inherited)",
					"@executable_path/Frameworks",
				);
				PRODUCT_BUNDLE_IDENTIFIER = com.inka.PallyConFPSSimpleObjC;
				PRODUCT_NAME = "$(TARGET_NAME)";
				TARGETED_DEVICE_FAMILY = "1,2";
			};
			name = Debug;
		};
		B4AFA9162075E329005AF13A /* Release */ = {
			isa = XCBuildConfiguration;
			buildSettings = {
				ASSETCATALOG_COMPILER_APPICON_NAME = AppIcon;
				BITCODE_GENERATION_MODE = "";
				CODE_SIGN_STYLE = Automatic;
				DEVELOPMENT_TEAM = 22X77ENQ2H;
				ENABLE_BITCODE = NO;
				FRAMEWORK_SEARCH_PATHS = (
					"$(inherited)",
					../../../lib,
				);
				HEADER_SEARCH_PATHS = "";
				INFOPLIST_FILE = PallyConFPSSimple/Info.plist;
				IPHONEOS_DEPLOYMENT_TARGET = 13.0;
				LD_RUNPATH_SEARCH_PATHS = (
					"$(inherited)",
					"@executable_path/Frameworks",
				);
				PRODUCT_BUNDLE_IDENTIFIER = com.inka.PallyConFPSSimpleObjC;
				PRODUCT_NAME = "$(TARGET_NAME)";
				TARGETED_DEVICE_FAMILY = "1,2";
			};
			name = Release;
		};
/* End XCBuildConfiguration section */

/* Begin XCConfigurationList section */
		B49AA6BC21352425000D95A6 /* Build configuration list for PBXNativeTarget "PallyConFPSSimpleTV" */ = {
			isa = XCConfigurationList;
			buildConfigurations = (
				B49AA6BD21352425000D95A6 /* Debug */,
				B49AA6BE21352425000D95A6 /* Release */,
			);
			defaultConfigurationIsVisible = 0;
			defaultConfigurationName = Release;
		};
		B4AFA8F92075E329005AF13A /* Build configuration list for PBXProject "PallyConFPSSimple" */ = {
			isa = XCConfigurationList;
			buildConfigurations = (
				B4AFA9122075E329005AF13A /* Debug */,
				B4AFA9132075E329005AF13A /* Release */,
			);
			defaultConfigurationIsVisible = 0;
			defaultConfigurationName = Release;
		};
		B4AFA9142075E329005AF13A /* Build configuration list for PBXNativeTarget "PallyConFPSSimple" */ = {
			isa = XCConfigurationList;
			buildConfigurations = (
				B4AFA9152075E329005AF13A /* Debug */,
				B4AFA9162075E329005AF13A /* Release */,
			);
			defaultConfigurationIsVisible = 0;
			defaultConfigurationName = Release;
		};
/* End XCConfigurationList section */
	};
	rootObject = B4AFA8F62075E329005AF13A /* Project object */;
}
